{
  "requires": true,
  "lockfileVersion": 1,
  "dependencies": {
    "yarn": {
      "version": "1.10.1",
      "resolved": "https://registry.npmjs.org/yarn/-/yarn-1.10.1.tgz",
      "integrity": "sha512-EH0H1fyfFxkE4UpG4b+VCaVY4I488I2EyQNmGjGGKmvsSIb0G3b+1IcfGYPI2gqa1du43g4ZA3jH8fXlq6oVxg=="
    }
  }
}
