
Microsoft Visual Studio Solution File, Format Version 9.00
# Visual Studio 2005
Project("{E24C65DC-7377-472B-9ABA-BC803B73C61A}") = "C:\...\web\", "common\src\web\", "{DB560F4B-1F41-4E8E-AC06-640D736E8A72}"
	ProjectSection(WebsiteProperties) = preProject
		Debug.AspNetCompiler.VirtualPath = "/web"
		Debug.AspNetCompiler.PhysicalPath = "common\src\web\"
		Debug.AspNetCompiler.TargetPath = "PrecompiledWeb\web\"
		Debug.AspNetCompiler.Updateable = "true"
		Debug.AspNetCompiler.ForceOverwrite = "true"
		Debug.AspNetCompiler.FixedNames = "false"
		Debug.AspNetCompiler.Debug = "True"
		Release.AspNetCompiler.VirtualPath = "/web"
		Release.AspNetCompiler.PhysicalPath = "common\src\web\"
		Release.AspNetCompiler.TargetPath = "PrecompiledWeb\web\"
		Release.AspNetCompiler.Updateable = "true"
		Release.AspNetCompiler.ForceOverwrite = "true"
		Release.AspNetCompiler.FixedNames = "false"
		Release.AspNetCompiler.Debug = "False"
		VWDPort = "2170"
		DefaultWebSiteLanguage = "Visual C#"
	EndProjectSection
EndProject
Project("{8BC9CEB8-8B4A-11D0-8D11-00A0C91BC942}") = "InternetExplorerDriver", "jobbie\src\cpp\InternetExplorerDriver\InternetExplorerDriver.vcproj", "{0BC72326-88BE-4369-9077-74AA7B2BE15D}"
	ProjectSection(WebsiteProperties) = preProject
		Debug.AspNetCompiler.Debug = "True"
		Release.AspNetCompiler.Debug = "False"
	EndProjectSection
EndProject
Global
	GlobalSection(SolutionConfigurationPlatforms) = preSolution
		Debug|.NET = Debug|.NET
		Debug|Any CPU = Debug|Any CPU
		Debug|Mixed Platforms = Debug|Mixed Platforms
		Debug|Win32 = Debug|Win32
		Release|.NET = Release|.NET
		Release|Any CPU = Release|Any CPU
		Release|Mixed Platforms = Release|Mixed Platforms
		Release|Win32 = Release|Win32
	EndGlobalSection
	GlobalSection(ProjectConfigurationPlatforms) = postSolution
		{DB560F4B-1F41-4E8E-AC06-640D736E8A72}.Debug|.NET.ActiveCfg = Debug|.NET
		{DB560F4B-1F41-4E8E-AC06-640D736E8A72}.Debug|.NET.Build.0 = Debug|.NET
		{DB560F4B-1F41-4E8E-AC06-640D736E8A72}.Debug|Any CPU.ActiveCfg = Debug|.NET
		{DB560F4B-1F41-4E8E-AC06-640D736E8A72}.Debug|Mixed Platforms.ActiveCfg = Debug|.NET
		{DB560F4B-1F41-4E8E-AC06-640D736E8A72}.Debug|Mixed Platforms.Build.0 = Debug|.NET
		{DB560F4B-1F41-4E8E-AC06-640D736E8A72}.Debug|Win32.ActiveCfg = Debug|.NET
		{DB560F4B-1F41-4E8E-AC06-640D736E8A72}.Release|.NET.ActiveCfg = Debug|.NET
		{DB560F4B-1F41-4E8E-AC06-640D736E8A72}.Release|.NET.Build.0 = Debug|.NET
		{DB560F4B-1F41-4E8E-AC06-640D736E8A72}.Release|Any CPU.ActiveCfg = Debug|.NET
		{DB560F4B-1F41-4E8E-AC06-640D736E8A72}.Release|Mixed Platforms.ActiveCfg = Debug|.NET
		{DB560F4B-1F41-4E8E-AC06-640D736E8A72}.Release|Mixed Platforms.Build.0 = Debug|.NET
		{DB560F4B-1F41-4E8E-AC06-640D736E8A72}.Release|Win32.ActiveCfg = Debug|.NET
		{0BC72326-88BE-4369-9077-74AA7B2BE15D}.Debug|.NET.ActiveCfg = Debug|Win32
		{0BC72326-88BE-4369-9077-74AA7B2BE15D}.Debug|Any CPU.ActiveCfg = Debug|Win32
		{0BC72326-88BE-4369-9077-74AA7B2BE15D}.Debug|Mixed Platforms.ActiveCfg = Debug|Win32
		{0BC72326-88BE-4369-9077-74AA7B2BE15D}.Debug|Mixed Platforms.Build.0 = Debug|Win32
		{0BC72326-88BE-4369-9077-74AA7B2BE15D}.Debug|Win32.ActiveCfg = Debug|Win32
		{0BC72326-88BE-4369-9077-74AA7B2BE15D}.Debug|Win32.Build.0 = Debug|Win32
		{0BC72326-88BE-4369-9077-74AA7B2BE15D}.Release|.NET.ActiveCfg = Release|Win32
		{0BC72326-88BE-4369-9077-74AA7B2BE15D}.Release|Any CPU.ActiveCfg = Release|Win32
		{0BC72326-88BE-4369-9077-74AA7B2BE15D}.Release|Mixed Platforms.ActiveCfg = Release|Win32
		{0BC72326-88BE-4369-9077-74AA7B2BE15D}.Release|Mixed Platforms.Build.0 = Release|Win32
		{0BC72326-88BE-4369-9077-74AA7B2BE15D}.Release|Win32.ActiveCfg = Release|Win32
		{0BC72326-88BE-4369-9077-74AA7B2BE15D}.Release|Win32.Build.0 = Release|Win32
	EndGlobalSection
	GlobalSection(SolutionProperties) = preSolution
		HideSolutionNode = FALSE
	EndGlobalSection
EndGlobal
