Microsoft Visual Studio Solution File, Format Version 10.00
# Visual Studio 2008
Project("{E24C65DC-7377-472B-9ABA-BC803B73C61A}") = "web", "common\src\web\", "{DB560F4B-1F41-4E8E-AC06-640D736E8A72}"
	ProjectSection(WebsiteProperties) = preProject
		TargetFramework = "2.0"
		Debug.AspNetCompiler.VirtualPath = "/web"
		Debug.AspNetCompiler.PhysicalPath = "common\src\web\"
		Debug.AspNetCompiler.TargetPath = "PrecompiledWeb\web\"
		Debug.AspNetCompiler.Updateable = "true"
		Debug.AspNetCompiler.ForceOverwrite = "true"
		Debug.AspNetCompiler.FixedNames = "false"
		Debug.AspNetCompiler.Debug = "True"
		Release.AspNetCompiler.VirtualPath = "/web"
		Release.AspNetCompiler.PhysicalPath = "common\src\web\"
		Release.AspNetCompiler.TargetPath = "PrecompiledWeb\web\"
		Release.AspNetCompiler.Updateable = "true"
		Release.AspNetCompiler.ForceOverwrite = "true"
		Release.AspNetCompiler.FixedNames = "false"
		Release.AspNetCompiler.Debug = "False"
		VWDPort = "2310"
		VWDDynamicPort = "false"
		VWDVirtualPath = "/common"
		DefaultWebSiteLanguage = "Visual C#"
	EndProjectSection
EndProject
Project("{8BC9CEB8-8B4A-11D0-8D11-00A0C91BC942}") = "InternetExplorerDriver", "jobbie\src\cpp\InternetExplorerDriver\InternetExplorerDriver.vcproj", "{0BC72326-88BE-4369-9077-74AA7B2BE15D}"
EndProject
Project("{8BC9CEB8-8B4A-11D0-8D11-00A0C91BC942}") = "webdriver-interactions", "common\src\cpp\webdriver-interactions\webdriver-interactions.vcproj", "{87FA39A1-958E-478A-8AB9-6D5E5AAA3886}"
EndProject
Project("{8BC9CEB8-8B4A-11D0-8D11-00A0C91BC942}") = "webdriver-firefox", "firefox\src\cpp\webdriver-firefox\webdriver-firefox.vcproj", "{A9D3BB2D-FD1E-43A2-80F6-F8320682323E}"
EndProject
Project("{8BC9CEB8-8B4A-11D0-8D11-00A0C91BC942}") = "npchromedriver", "chrome\src\cpp\npchromedriver\npchromedriver.vcproj", "{2A4FDEBC-1AB8-4E35-8806-E4CC12285526}"
EndProject
Project("{FAE04EC0-301F-11D3-BF4B-00C04F79EFBC}") = "WebDriver.Common", "common\src\csharp\webdriver-common\WebDriver.Common.csproj", "{ABB9B87F-FEEA-410E-ACBF-26479B8C72B0}"
EndProject
Project("{FAE04EC0-301F-11D3-BF4B-00C04F79EFBC}") = "webdriver-common-test", "common\test\csharp\webdriver-common-test\webdriver-common-test.csproj", "{1580564D-B6B8-4BD8-A120-001E3E8E5BE6}"
EndProject
Project("{FAE04EC0-301F-11D3-BF4B-00C04F79EFBC}") = "WebDriver.IE", "jobbie\src\csharp\webdriver-ie\WebDriver.IE.csproj", "{388643B5-2270-4E89-99CC-DA761E4E4AC1}"
EndProject
Project("{FAE04EC0-301F-11D3-BF4B-00C04F79EFBC}") = "webdriver-ie-test", "jobbie\test\csharp\webdriver-ie-test\webdriver-ie-test.csproj", "{ECF3B49F-68B0-4A2A-8559-6D7FB906AA88}"
EndProject
Project("{FAE04EC0-301F-11D3-BF4B-00C04F79EFBC}") = "selenium-core", "selenium\src\csharp\Core\selenium-core.csproj", "{69F4FF0E-13DE-4AF6-B8AF-572A36239083}"
EndProject
Project("{FAE04EC0-301F-11D3-BF4B-00C04F79EFBC}") = "selenium-unit-tests", "selenium\test\csharp\UnitTests\selenium-unit-tests.csproj", "{F0EBC9DA-192E-4421-A733-85E802FB5129}"
EndProject
Project("{FAE04EC0-301F-11D3-BF4B-00C04F79EFBC}") = "selenium-integration-tests", "selenium\test\csharp\IntegrationTests\selenium-integration-tests.csproj", "{42D1B587-9544-452F-8B76-4F2A65BC9BE5}"
EndProject
Project("{FAE04EC0-301F-11D3-BF4B-00C04F79EFBC}") = "WebDriver.Remote", "remote\client\src\csharp\webdriver-remote-client\WebDriver.Remote.csproj", "{32122F8D-CD64-495A-B9B0-5516FF67C79F}"
EndProject
Project("{FAE04EC0-301F-11D3-BF4B-00C04F79EFBC}") = "webdriver-remote-test", "remote\client\test\csharp\webdriver-remote-test\webdriver-remote-test.csproj", "{1D3DF4DB-6C11-480D-9774-F489B2EF62D8}"
EndProject
Project("{FAE04EC0-301F-11D3-BF4B-00C04F79EFBC}") = "WebDriver.Firefox", "firefox\src\csharp\webdriver-firefox\WebDriver.Firefox.csproj", "{5E7C67A1-1BF2-4A46-8C29-8A6DCF6E4543}"
EndProject
Project("{FAE04EC0-301F-11D3-BF4B-00C04F79EFBC}") = "webdriver-firefox-test", "firefox\test\csharp\webdriver-firefox-test\webdriver-firefox-test.csproj", "{630FC167-169E-4CFD-83ED-9BA4AA8A0FB4}"
EndProject
Project("{FAE04EC0-301F-11D3-BF4B-00C04F79EFBC}") = "WebDriver.Chrome", "chrome\src\csharp\webdriver-chrome\WebDriver.Chrome.csproj", "{FC3000BD-6144-46E6-BA7B-1CCE7E85DD27}"
EndProject
Project("{FAE04EC0-301F-11D3-BF4B-00C04F79EFBC}") = "webdriver-chrome-test", "chrome\test\csharp\webdriver-chrome-test\webdriver-chrome-test.csproj", "{81D664AA-FC03-425E-98A8-B4EAF8236776}"
EndProject
Project("{FAE04EC0-301F-11D3-BF4B-00C04F79EFBC}") = "WebDriverBackedSelenium", "selenium\src\csharp\WebDriverBackedSelenium\WebDriverBackedSelenium.csproj", "{0EAF6AA9-B712-464B-A11B-FA3CF7577D80}"
EndProject
Project("{FAE04EC0-301F-11D3-BF4B-00C04F79EFBC}") = "WebDriver.Remote.Common", "remote\common\src\csharp\webdriver-remote-common\WebDriver.Remote.Common.csproj", "{C2A1DAE4-BB20-4367-8ADC-D32EEA392D17}"
EndProject
Global
	GlobalSection(SolutionConfigurationPlatforms) = preSolution
		Debug|.NET = Debug|.NET
		Debug|Any CPU = Debug|Any CPU
		Debug|Mixed Platforms = Debug|Mixed Platforms
		Debug|Win32 = Debug|Win32
		Debug|x64 = Debug|x64
		Debug|x86 = Debug|x86
		Release|.NET = Release|.NET
		Release|Any CPU = Release|Any CPU
		Release|Mixed Platforms = Release|Mixed Platforms
		Release|Win32 = Release|Win32
		Release|x64 = Release|x64
		Release|x86 = Release|x86
	EndGlobalSection
	GlobalSection(ProjectConfigurationPlatforms) = postSolution
		{DB560F4B-1F41-4E8E-AC06-640D736E8A72}.Debug|.NET.ActiveCfg = Debug|.NET
		{DB560F4B-1F41-4E8E-AC06-640D736E8A72}.Debug|Any CPU.ActiveCfg = Debug|.NET
		{DB560F4B-1F41-4E8E-AC06-640D736E8A72}.Debug|Mixed Platforms.ActiveCfg = Debug|.NET
		{DB560F4B-1F41-4E8E-AC06-640D736E8A72}.Debug|Win32.ActiveCfg = Debug|.NET
		{DB560F4B-1F41-4E8E-AC06-640D736E8A72}.Debug|x64.ActiveCfg = Debug|.NET
		{DB560F4B-1F41-4E8E-AC06-640D736E8A72}.Debug|x86.ActiveCfg = Debug|.NET
		{DB560F4B-1F41-4E8E-AC06-640D736E8A72}.Release|.NET.ActiveCfg = Debug|.NET
		{DB560F4B-1F41-4E8E-AC06-640D736E8A72}.Release|Any CPU.ActiveCfg = Debug|.NET
		{DB560F4B-1F41-4E8E-AC06-640D736E8A72}.Release|Mixed Platforms.ActiveCfg = Debug|.NET
		{DB560F4B-1F41-4E8E-AC06-640D736E8A72}.Release|Win32.ActiveCfg = Debug|.NET
		{DB560F4B-1F41-4E8E-AC06-640D736E8A72}.Release|x64.ActiveCfg = Debug|.NET
		{DB560F4B-1F41-4E8E-AC06-640D736E8A72}.Release|x86.ActiveCfg = Debug|.NET
		{0BC72326-88BE-4369-9077-74AA7B2BE15D}.Debug|.NET.ActiveCfg = Debug|Win32
		{0BC72326-88BE-4369-9077-74AA7B2BE15D}.Debug|Any CPU.ActiveCfg = Debug|Win32
		{0BC72326-88BE-4369-9077-74AA7B2BE15D}.Debug|Mixed Platforms.ActiveCfg = Debug|Win32
		{0BC72326-88BE-4369-9077-74AA7B2BE15D}.Debug|Mixed Platforms.Build.0 = Debug|Win32
		{0BC72326-88BE-4369-9077-74AA7B2BE15D}.Debug|Win32.ActiveCfg = Debug|Win32
		{0BC72326-88BE-4369-9077-74AA7B2BE15D}.Debug|Win32.Build.0 = Debug|Win32
		{0BC72326-88BE-4369-9077-74AA7B2BE15D}.Debug|x64.ActiveCfg = Debug|x64
		{0BC72326-88BE-4369-9077-74AA7B2BE15D}.Debug|x64.Build.0 = Debug|x64
		{0BC72326-88BE-4369-9077-74AA7B2BE15D}.Debug|x86.ActiveCfg = Debug|x64
		{0BC72326-88BE-4369-9077-74AA7B2BE15D}.Release|.NET.ActiveCfg = Release|Win32
		{0BC72326-88BE-4369-9077-74AA7B2BE15D}.Release|Any CPU.ActiveCfg = Release|Win32
		{0BC72326-88BE-4369-9077-74AA7B2BE15D}.Release|Mixed Platforms.ActiveCfg = Release|Win32
		{0BC72326-88BE-4369-9077-74AA7B2BE15D}.Release|Mixed Platforms.Build.0 = Release|Win32
		{0BC72326-88BE-4369-9077-74AA7B2BE15D}.Release|Win32.ActiveCfg = Release|Win32
		{0BC72326-88BE-4369-9077-74AA7B2BE15D}.Release|Win32.Build.0 = Release|Win32
		{0BC72326-88BE-4369-9077-74AA7B2BE15D}.Release|x64.ActiveCfg = Release|x64
		{0BC72326-88BE-4369-9077-74AA7B2BE15D}.Release|x64.Build.0 = Release|x64
		{0BC72326-88BE-4369-9077-74AA7B2BE15D}.Release|x86.ActiveCfg = Release|x64
		{87FA39A1-958E-478A-8AB9-6D5E5AAA3886}.Debug|.NET.ActiveCfg = Debug|Win32
		{87FA39A1-958E-478A-8AB9-6D5E5AAA3886}.Debug|Any CPU.ActiveCfg = Debug|Win32
		{87FA39A1-958E-478A-8AB9-6D5E5AAA3886}.Debug|Mixed Platforms.ActiveCfg = Debug|Win32
		{87FA39A1-958E-478A-8AB9-6D5E5AAA3886}.Debug|Mixed Platforms.Build.0 = Debug|Win32
		{87FA39A1-958E-478A-8AB9-6D5E5AAA3886}.Debug|Win32.ActiveCfg = Debug|Win32
		{87FA39A1-958E-478A-8AB9-6D5E5AAA3886}.Debug|Win32.Build.0 = Debug|Win32
		{87FA39A1-958E-478A-8AB9-6D5E5AAA3886}.Debug|x64.ActiveCfg = Debug|x64
		{87FA39A1-958E-478A-8AB9-6D5E5AAA3886}.Debug|x64.Build.0 = Debug|x64
		{87FA39A1-958E-478A-8AB9-6D5E5AAA3886}.Debug|x86.ActiveCfg = Debug|x64
		{87FA39A1-958E-478A-8AB9-6D5E5AAA3886}.Release|.NET.ActiveCfg = Release|Win32
		{87FA39A1-958E-478A-8AB9-6D5E5AAA3886}.Release|Any CPU.ActiveCfg = Release|Win32
		{87FA39A1-958E-478A-8AB9-6D5E5AAA3886}.Release|Mixed Platforms.ActiveCfg = Release|Win32
		{87FA39A1-958E-478A-8AB9-6D5E5AAA3886}.Release|Mixed Platforms.Build.0 = Release|Win32
		{87FA39A1-958E-478A-8AB9-6D5E5AAA3886}.Release|Win32.ActiveCfg = Release|Win32
		{87FA39A1-958E-478A-8AB9-6D5E5AAA3886}.Release|Win32.Build.0 = Release|Win32
		{87FA39A1-958E-478A-8AB9-6D5E5AAA3886}.Release|x64.ActiveCfg = Release|x64
		{87FA39A1-958E-478A-8AB9-6D5E5AAA3886}.Release|x64.Build.0 = Release|x64
		{87FA39A1-958E-478A-8AB9-6D5E5AAA3886}.Release|x86.ActiveCfg = Release|x64
		{A9D3BB2D-FD1E-43A2-80F6-F8320682323E}.Debug|.NET.ActiveCfg = Debug|Win32
		{A9D3BB2D-FD1E-43A2-80F6-F8320682323E}.Debug|Any CPU.ActiveCfg = Debug|Win32
		{A9D3BB2D-FD1E-43A2-80F6-F8320682323E}.Debug|Mixed Platforms.ActiveCfg = Debug|Win32
		{A9D3BB2D-FD1E-43A2-80F6-F8320682323E}.Debug|Mixed Platforms.Build.0 = Debug|Win32
		{A9D3BB2D-FD1E-43A2-80F6-F8320682323E}.Debug|Win32.ActiveCfg = Debug|Win32
		{A9D3BB2D-FD1E-43A2-80F6-F8320682323E}.Debug|Win32.Build.0 = Debug|Win32
		{A9D3BB2D-FD1E-43A2-80F6-F8320682323E}.Debug|x64.ActiveCfg = Debug|x64
		{A9D3BB2D-FD1E-43A2-80F6-F8320682323E}.Debug|x86.ActiveCfg = Debug|x64
		{A9D3BB2D-FD1E-43A2-80F6-F8320682323E}.Release|.NET.ActiveCfg = Release|Win32
		{A9D3BB2D-FD1E-43A2-80F6-F8320682323E}.Release|Any CPU.ActiveCfg = Release|Win32
		{A9D3BB2D-FD1E-43A2-80F6-F8320682323E}.Release|Mixed Platforms.ActiveCfg = Release|Win32
		{A9D3BB2D-FD1E-43A2-80F6-F8320682323E}.Release|Mixed Platforms.Build.0 = Release|Win32
		{A9D3BB2D-FD1E-43A2-80F6-F8320682323E}.Release|Win32.ActiveCfg = Release|Win32
		{A9D3BB2D-FD1E-43A2-80F6-F8320682323E}.Release|Win32.Build.0 = Release|Win32
		{A9D3BB2D-FD1E-43A2-80F6-F8320682323E}.Release|x64.ActiveCfg = Release|x64
		{A9D3BB2D-FD1E-43A2-80F6-F8320682323E}.Release|x86.ActiveCfg = Release|x64
		{2A4FDEBC-1AB8-4E35-8806-E4CC12285526}.Debug|.NET.ActiveCfg = Debug|Win32
		{2A4FDEBC-1AB8-4E35-8806-E4CC12285526}.Debug|Any CPU.ActiveCfg = Debug|Win32
		{2A4FDEBC-1AB8-4E35-8806-E4CC12285526}.Debug|Mixed Platforms.ActiveCfg = Debug|Win32
		{2A4FDEBC-1AB8-4E35-8806-E4CC12285526}.Debug|Mixed Platforms.Build.0 = Debug|Win32
		{2A4FDEBC-1AB8-4E35-8806-E4CC12285526}.Debug|Win32.ActiveCfg = Debug|Win32
		{2A4FDEBC-1AB8-4E35-8806-E4CC12285526}.Debug|Win32.Build.0 = Debug|Win32
		{2A4FDEBC-1AB8-4E35-8806-E4CC12285526}.Debug|x64.ActiveCfg = Debug|x64
		{2A4FDEBC-1AB8-4E35-8806-E4CC12285526}.Debug|x64.Build.0 = Debug|x64
		{2A4FDEBC-1AB8-4E35-8806-E4CC12285526}.Debug|x86.ActiveCfg = Debug|x64
		{2A4FDEBC-1AB8-4E35-8806-E4CC12285526}.Release|.NET.ActiveCfg = Release|Win32
		{2A4FDEBC-1AB8-4E35-8806-E4CC12285526}.Release|Any CPU.ActiveCfg = Release|Win32
		{2A4FDEBC-1AB8-4E35-8806-E4CC12285526}.Release|Mixed Platforms.ActiveCfg = Release|Win32
		{2A4FDEBC-1AB8-4E35-8806-E4CC12285526}.Release|Mixed Platforms.Build.0 = Release|Win32
		{2A4FDEBC-1AB8-4E35-8806-E4CC12285526}.Release|Win32.ActiveCfg = Release|Win32
		{2A4FDEBC-1AB8-4E35-8806-E4CC12285526}.Release|Win32.Build.0 = Release|Win32
		{2A4FDEBC-1AB8-4E35-8806-E4CC12285526}.Release|x64.ActiveCfg = Release|x64
		{2A4FDEBC-1AB8-4E35-8806-E4CC12285526}.Release|x64.Build.0 = Release|x64
		{2A4FDEBC-1AB8-4E35-8806-E4CC12285526}.Release|x86.ActiveCfg = Release|x64
		{ABB9B87F-FEEA-410E-ACBF-26479B8C72B0}.Debug|.NET.ActiveCfg = Debug|x64
		{ABB9B87F-FEEA-410E-ACBF-26479B8C72B0}.Debug|Any CPU.ActiveCfg = Debug|Any CPU
		{ABB9B87F-FEEA-410E-ACBF-26479B8C72B0}.Debug|Any CPU.Build.0 = Debug|Any CPU
		{ABB9B87F-FEEA-410E-ACBF-26479B8C72B0}.Debug|Mixed Platforms.ActiveCfg = Debug|Any CPU
		{ABB9B87F-FEEA-410E-ACBF-26479B8C72B0}.Debug|Mixed Platforms.Build.0 = Debug|Any CPU
		{ABB9B87F-FEEA-410E-ACBF-26479B8C72B0}.Debug|Win32.ActiveCfg = Debug|Any CPU
		{ABB9B87F-FEEA-410E-ACBF-26479B8C72B0}.Debug|x64.ActiveCfg = Debug|Any CPU
		{ABB9B87F-FEEA-410E-ACBF-26479B8C72B0}.Debug|x86.ActiveCfg = Debug|x64
		{ABB9B87F-FEEA-410E-ACBF-26479B8C72B0}.Release|.NET.ActiveCfg = Release|x64
		{ABB9B87F-FEEA-410E-ACBF-26479B8C72B0}.Release|Any CPU.ActiveCfg = Release|Any CPU
		{ABB9B87F-FEEA-410E-ACBF-26479B8C72B0}.Release|Any CPU.Build.0 = Release|Any CPU
		{ABB9B87F-FEEA-410E-ACBF-26479B8C72B0}.Release|Mixed Platforms.ActiveCfg = Release|Any CPU
		{ABB9B87F-FEEA-410E-ACBF-26479B8C72B0}.Release|Mixed Platforms.Build.0 = Release|Any CPU
		{ABB9B87F-FEEA-410E-ACBF-26479B8C72B0}.Release|Win32.ActiveCfg = Release|Any CPU
		{ABB9B87F-FEEA-410E-ACBF-26479B8C72B0}.Release|x64.ActiveCfg = Release|Any CPU
		{ABB9B87F-FEEA-410E-ACBF-26479B8C72B0}.Release|x86.ActiveCfg = Release|x64
		{1580564D-B6B8-4BD8-A120-001E3E8E5BE6}.Debug|.NET.ActiveCfg = Debug|Any CPU
		{1580564D-B6B8-4BD8-A120-001E3E8E5BE6}.Debug|Any CPU.ActiveCfg = Debug|Any CPU
		{1580564D-B6B8-4BD8-A120-001E3E8E5BE6}.Debug|Any CPU.Build.0 = Debug|Any CPU
		{1580564D-B6B8-4BD8-A120-001E3E8E5BE6}.Debug|Mixed Platforms.ActiveCfg = Debug|Any CPU
		{1580564D-B6B8-4BD8-A120-001E3E8E5BE6}.Debug|Mixed Platforms.Build.0 = Debug|Any CPU
		{1580564D-B6B8-4BD8-A120-001E3E8E5BE6}.Debug|Win32.ActiveCfg = Debug|Any CPU
		{1580564D-B6B8-4BD8-A120-001E3E8E5BE6}.Debug|x64.ActiveCfg = Debug|Any CPU
		{1580564D-B6B8-4BD8-A120-001E3E8E5BE6}.Debug|x86.ActiveCfg = Debug|x64
		{1580564D-B6B8-4BD8-A120-001E3E8E5BE6}.Release|.NET.ActiveCfg = Release|Any CPU
		{1580564D-B6B8-4BD8-A120-001E3E8E5BE6}.Release|Any CPU.ActiveCfg = Release|Any CPU
		{1580564D-B6B8-4BD8-A120-001E3E8E5BE6}.Release|Any CPU.Build.0 = Release|Any CPU
		{1580564D-B6B8-4BD8-A120-001E3E8E5BE6}.Release|Mixed Platforms.ActiveCfg = Release|Any CPU
		{1580564D-B6B8-4BD8-A120-001E3E8E5BE6}.Release|Mixed Platforms.Build.0 = Release|Any CPU
		{1580564D-B6B8-4BD8-A120-001E3E8E5BE6}.Release|Win32.ActiveCfg = Release|Any CPU
		{1580564D-B6B8-4BD8-A120-001E3E8E5BE6}.Release|x64.ActiveCfg = Release|Any CPU
		{1580564D-B6B8-4BD8-A120-001E3E8E5BE6}.Release|x86.ActiveCfg = Release|x64
		{388643B5-2270-4E89-99CC-DA761E4E4AC1}.Debug|.NET.ActiveCfg = Debug|x64
		{388643B5-2270-4E89-99CC-DA761E4E4AC1}.Debug|Any CPU.ActiveCfg = Debug|Any CPU
		{388643B5-2270-4E89-99CC-DA761E4E4AC1}.Debug|Any CPU.Build.0 = Debug|Any CPU
		{388643B5-2270-4E89-99CC-DA761E4E4AC1}.Debug|Mixed Platforms.ActiveCfg = Debug|Any CPU
		{388643B5-2270-4E89-99CC-DA761E4E4AC1}.Debug|Mixed Platforms.Build.0 = Debug|Any CPU
		{388643B5-2270-4E89-99CC-DA761E4E4AC1}.Debug|Win32.ActiveCfg = Debug|Any CPU
		{388643B5-2270-4E89-99CC-DA761E4E4AC1}.Debug|x64.ActiveCfg = Debug|Any CPU
		{388643B5-2270-4E89-99CC-DA761E4E4AC1}.Debug|x86.ActiveCfg = Debug|x64
		{388643B5-2270-4E89-99CC-DA761E4E4AC1}.Release|.NET.ActiveCfg = Release|x64
		{388643B5-2270-4E89-99CC-DA761E4E4AC1}.Release|Any CPU.ActiveCfg = Release|Any CPU
		{388643B5-2270-4E89-99CC-DA761E4E4AC1}.Release|Any CPU.Build.0 = Release|Any CPU
		{388643B5-2270-4E89-99CC-DA761E4E4AC1}.Release|Mixed Platforms.ActiveCfg = Release|Any CPU
		{388643B5-2270-4E89-99CC-DA761E4E4AC1}.Release|Mixed Platforms.Build.0 = Release|Any CPU
		{388643B5-2270-4E89-99CC-DA761E4E4AC1}.Release|Win32.ActiveCfg = Release|Any CPU
		{388643B5-2270-4E89-99CC-DA761E4E4AC1}.Release|x64.ActiveCfg = Release|Any CPU
		{388643B5-2270-4E89-99CC-DA761E4E4AC1}.Release|x86.ActiveCfg = Release|x64
		{ECF3B49F-68B0-4A2A-8559-6D7FB906AA88}.Debug|.NET.ActiveCfg = Debug|Any CPU
		{ECF3B49F-68B0-4A2A-8559-6D7FB906AA88}.Debug|Any CPU.ActiveCfg = Debug|Any CPU
		{ECF3B49F-68B0-4A2A-8559-6D7FB906AA88}.Debug|Any CPU.Build.0 = Debug|Any CPU
		{ECF3B49F-68B0-4A2A-8559-6D7FB906AA88}.Debug|Mixed Platforms.ActiveCfg = Debug|Any CPU
		{ECF3B49F-68B0-4A2A-8559-6D7FB906AA88}.Debug|Mixed Platforms.Build.0 = Debug|Any CPU
		{ECF3B49F-68B0-4A2A-8559-6D7FB906AA88}.Debug|Win32.ActiveCfg = Debug|Any CPU
		{ECF3B49F-68B0-4A2A-8559-6D7FB906AA88}.Debug|x64.ActiveCfg = Debug|Any CPU
		{ECF3B49F-68B0-4A2A-8559-6D7FB906AA88}.Debug|x86.ActiveCfg = Debug|x64
		{ECF3B49F-68B0-4A2A-8559-6D7FB906AA88}.Release|.NET.ActiveCfg = Release|Any CPU
		{ECF3B49F-68B0-4A2A-8559-6D7FB906AA88}.Release|Any CPU.ActiveCfg = Release|Any CPU
		{ECF3B49F-68B0-4A2A-8559-6D7FB906AA88}.Release|Any CPU.Build.0 = Release|Any CPU
		{ECF3B49F-68B0-4A2A-8559-6D7FB906AA88}.Release|Mixed Platforms.ActiveCfg = Release|Any CPU
		{ECF3B49F-68B0-4A2A-8559-6D7FB906AA88}.Release|Mixed Platforms.Build.0 = Release|Any CPU
		{ECF3B49F-68B0-4A2A-8559-6D7FB906AA88}.Release|Win32.ActiveCfg = Release|Any CPU
		{ECF3B49F-68B0-4A2A-8559-6D7FB906AA88}.Release|x64.ActiveCfg = Release|Any CPU
		{ECF3B49F-68B0-4A2A-8559-6D7FB906AA88}.Release|x86.ActiveCfg = Release|x64
		{69F4FF0E-13DE-4AF6-B8AF-572A36239083}.Debug|.NET.ActiveCfg = Debug|Any CPU
		{69F4FF0E-13DE-4AF6-B8AF-572A36239083}.Debug|Any CPU.ActiveCfg = Debug|Any CPU
		{69F4FF0E-13DE-4AF6-B8AF-572A36239083}.Debug|Any CPU.Build.0 = Debug|Any CPU
		{69F4FF0E-13DE-4AF6-B8AF-572A36239083}.Debug|Mixed Platforms.ActiveCfg = Debug|Any CPU
		{69F4FF0E-13DE-4AF6-B8AF-572A36239083}.Debug|Mixed Platforms.Build.0 = Debug|Any CPU
		{69F4FF0E-13DE-4AF6-B8AF-572A36239083}.Debug|Win32.ActiveCfg = Debug|Any CPU
		{69F4FF0E-13DE-4AF6-B8AF-572A36239083}.Debug|x64.ActiveCfg = Debug|Any CPU
		{69F4FF0E-13DE-4AF6-B8AF-572A36239083}.Debug|x86.ActiveCfg = Debug|Any CPU
		{69F4FF0E-13DE-4AF6-B8AF-572A36239083}.Release|.NET.ActiveCfg = Debug|Any CPU
		{69F4FF0E-13DE-4AF6-B8AF-572A36239083}.Release|Any CPU.ActiveCfg = Debug|Any CPU
		{69F4FF0E-13DE-4AF6-B8AF-572A36239083}.Release|Any CPU.Build.0 = Debug|Any CPU
		{69F4FF0E-13DE-4AF6-B8AF-572A36239083}.Release|Mixed Platforms.ActiveCfg = Debug|Any CPU
		{69F4FF0E-13DE-4AF6-B8AF-572A36239083}.Release|Mixed Platforms.Build.0 = Debug|Any CPU
		{69F4FF0E-13DE-4AF6-B8AF-572A36239083}.Release|Win32.ActiveCfg = Debug|Any CPU
		{69F4FF0E-13DE-4AF6-B8AF-572A36239083}.Release|x64.ActiveCfg = Debug|Any CPU
		{69F4FF0E-13DE-4AF6-B8AF-572A36239083}.Release|x86.ActiveCfg = Debug|Any CPU
		{F0EBC9DA-192E-4421-A733-85E802FB5129}.Debug|.NET.ActiveCfg = Debug|Any CPU
		{F0EBC9DA-192E-4421-A733-85E802FB5129}.Debug|Any CPU.ActiveCfg = Debug|Any CPU
		{F0EBC9DA-192E-4421-A733-85E802FB5129}.Debug|Any CPU.Build.0 = Debug|Any CPU
		{F0EBC9DA-192E-4421-A733-85E802FB5129}.Debug|Mixed Platforms.ActiveCfg = Debug|Any CPU
		{F0EBC9DA-192E-4421-A733-85E802FB5129}.Debug|Mixed Platforms.Build.0 = Debug|Any CPU
		{F0EBC9DA-192E-4421-A733-85E802FB5129}.Debug|Win32.ActiveCfg = Debug|Any CPU
		{F0EBC9DA-192E-4421-A733-85E802FB5129}.Debug|x64.ActiveCfg = Debug|Any CPU
		{F0EBC9DA-192E-4421-A733-85E802FB5129}.Debug|x86.ActiveCfg = Debug|Any CPU
		{F0EBC9DA-192E-4421-A733-85E802FB5129}.Release|.NET.ActiveCfg = Debug|Any CPU
		{F0EBC9DA-192E-4421-A733-85E802FB5129}.Release|Any CPU.ActiveCfg = Debug|Any CPU
		{F0EBC9DA-192E-4421-A733-85E802FB5129}.Release|Any CPU.Build.0 = Debug|Any CPU
		{F0EBC9DA-192E-4421-A733-85E802FB5129}.Release|Mixed Platforms.ActiveCfg = Debug|Any CPU
		{F0EBC9DA-192E-4421-A733-85E802FB5129}.Release|Mixed Platforms.Build.0 = Debug|Any CPU
		{F0EBC9DA-192E-4421-A733-85E802FB5129}.Release|Win32.ActiveCfg = Debug|Any CPU
		{F0EBC9DA-192E-4421-A733-85E802FB5129}.Release|x64.ActiveCfg = Debug|Any CPU
		{F0EBC9DA-192E-4421-A733-85E802FB5129}.Release|x86.ActiveCfg = Debug|Any CPU
		{42D1B587-9544-452F-8B76-4F2A65BC9BE5}.Debug|.NET.ActiveCfg = Debug|Any CPU
		{42D1B587-9544-452F-8B76-4F2A65BC9BE5}.Debug|Any CPU.ActiveCfg = Debug|Any CPU
		{42D1B587-9544-452F-8B76-4F2A65BC9BE5}.Debug|Any CPU.Build.0 = Debug|Any CPU
		{42D1B587-9544-452F-8B76-4F2A65BC9BE5}.Debug|Mixed Platforms.ActiveCfg = Debug|Any CPU
		{42D1B587-9544-452F-8B76-4F2A65BC9BE5}.Debug|Mixed Platforms.Build.0 = Debug|Any CPU
		{42D1B587-9544-452F-8B76-4F2A65BC9BE5}.Debug|Win32.ActiveCfg = Debug|Any CPU
		{42D1B587-9544-452F-8B76-4F2A65BC9BE5}.Debug|x64.ActiveCfg = Debug|Any CPU
		{42D1B587-9544-452F-8B76-4F2A65BC9BE5}.Debug|x86.ActiveCfg = Debug|Any CPU
		{42D1B587-9544-452F-8B76-4F2A65BC9BE5}.Release|.NET.ActiveCfg = Debug|Any CPU
		{42D1B587-9544-452F-8B76-4F2A65BC9BE5}.Release|Any CPU.ActiveCfg = Debug|Any CPU
		{42D1B587-9544-452F-8B76-4F2A65BC9BE5}.Release|Any CPU.Build.0 = Debug|Any CPU
		{42D1B587-9544-452F-8B76-4F2A65BC9BE5}.Release|Mixed Platforms.ActiveCfg = Debug|Any CPU
		{42D1B587-9544-452F-8B76-4F2A65BC9BE5}.Release|Mixed Platforms.Build.0 = Debug|Any CPU
		{42D1B587-9544-452F-8B76-4F2A65BC9BE5}.Release|Win32.ActiveCfg = Debug|Any CPU
		{42D1B587-9544-452F-8B76-4F2A65BC9BE5}.Release|x64.ActiveCfg = Debug|Any CPU
		{42D1B587-9544-452F-8B76-4F2A65BC9BE5}.Release|x86.ActiveCfg = Debug|Any CPU
		{32122F8D-CD64-495A-B9B0-5516FF67C79F}.Debug|.NET.ActiveCfg = Debug|Any CPU
		{32122F8D-CD64-495A-B9B0-5516FF67C79F}.Debug|Any CPU.ActiveCfg = Debug|Any CPU
		{32122F8D-CD64-495A-B9B0-5516FF67C79F}.Debug|Any CPU.Build.0 = Debug|Any CPU
		{32122F8D-CD64-495A-B9B0-5516FF67C79F}.Debug|Mixed Platforms.ActiveCfg = Debug|Any CPU
		{32122F8D-CD64-495A-B9B0-5516FF67C79F}.Debug|Mixed Platforms.Build.0 = Debug|Any CPU
		{32122F8D-CD64-495A-B9B0-5516FF67C79F}.Debug|Win32.ActiveCfg = Debug|Any CPU
		{32122F8D-CD64-495A-B9B0-5516FF67C79F}.Debug|x64.ActiveCfg = Debug|Any CPU
		{32122F8D-CD64-495A-B9B0-5516FF67C79F}.Debug|x86.ActiveCfg = Debug|Any CPU
		{32122F8D-CD64-495A-B9B0-5516FF67C79F}.Release|.NET.ActiveCfg = Release|Any CPU
		{32122F8D-CD64-495A-B9B0-5516FF67C79F}.Release|Any CPU.ActiveCfg = Release|Any CPU
		{32122F8D-CD64-495A-B9B0-5516FF67C79F}.Release|Any CPU.Build.0 = Release|Any CPU
		{32122F8D-CD64-495A-B9B0-5516FF67C79F}.Release|Mixed Platforms.ActiveCfg = Release|Any CPU
		{32122F8D-CD64-495A-B9B0-5516FF67C79F}.Release|Mixed Platforms.Build.0 = Release|Any CPU
		{32122F8D-CD64-495A-B9B0-5516FF67C79F}.Release|Win32.ActiveCfg = Release|Any CPU
		{32122F8D-CD64-495A-B9B0-5516FF67C79F}.Release|x64.ActiveCfg = Release|Any CPU
		{32122F8D-CD64-495A-B9B0-5516FF67C79F}.Release|x86.ActiveCfg = Release|Any CPU
		{1D3DF4DB-6C11-480D-9774-F489B2EF62D8}.Debug|.NET.ActiveCfg = Debug|Any CPU
		{1D3DF4DB-6C11-480D-9774-F489B2EF62D8}.Debug|Any CPU.ActiveCfg = Debug|Any CPU
		{1D3DF4DB-6C11-480D-9774-F489B2EF62D8}.Debug|Any CPU.Build.0 = Debug|Any CPU
		{1D3DF4DB-6C11-480D-9774-F489B2EF62D8}.Debug|Mixed Platforms.ActiveCfg = Debug|Any CPU
		{1D3DF4DB-6C11-480D-9774-F489B2EF62D8}.Debug|Mixed Platforms.Build.0 = Debug|Any CPU
		{1D3DF4DB-6C11-480D-9774-F489B2EF62D8}.Debug|Win32.ActiveCfg = Debug|Any CPU
		{1D3DF4DB-6C11-480D-9774-F489B2EF62D8}.Debug|x64.ActiveCfg = Debug|Any CPU
		{1D3DF4DB-6C11-480D-9774-F489B2EF62D8}.Debug|x86.ActiveCfg = Debug|Any CPU
		{1D3DF4DB-6C11-480D-9774-F489B2EF62D8}.Release|.NET.ActiveCfg = Release|Any CPU
		{1D3DF4DB-6C11-480D-9774-F489B2EF62D8}.Release|Any CPU.ActiveCfg = Release|Any CPU
		{1D3DF4DB-6C11-480D-9774-F489B2EF62D8}.Release|Any CPU.Build.0 = Release|Any CPU
		{1D3DF4DB-6C11-480D-9774-F489B2EF62D8}.Release|Mixed Platforms.ActiveCfg = Release|Any CPU
		{1D3DF4DB-6C11-480D-9774-F489B2EF62D8}.Release|Mixed Platforms.Build.0 = Release|Any CPU
		{1D3DF4DB-6C11-480D-9774-F489B2EF62D8}.Release|Win32.ActiveCfg = Release|Any CPU
		{1D3DF4DB-6C11-480D-9774-F489B2EF62D8}.Release|x64.ActiveCfg = Release|Any CPU
		{1D3DF4DB-6C11-480D-9774-F489B2EF62D8}.Release|x86.ActiveCfg = Release|Any CPU
		{5E7C67A1-1BF2-4A46-8C29-8A6DCF6E4543}.Debug|.NET.ActiveCfg = Debug|Any CPU
		{5E7C67A1-1BF2-4A46-8C29-8A6DCF6E4543}.Debug|Any CPU.ActiveCfg = Debug|Any CPU
		{5E7C67A1-1BF2-4A46-8C29-8A6DCF6E4543}.Debug|Any CPU.Build.0 = Debug|Any CPU
		{5E7C67A1-1BF2-4A46-8C29-8A6DCF6E4543}.Debug|Mixed Platforms.ActiveCfg = Debug|Any CPU
		{5E7C67A1-1BF2-4A46-8C29-8A6DCF6E4543}.Debug|Mixed Platforms.Build.0 = Debug|Any CPU
		{5E7C67A1-1BF2-4A46-8C29-8A6DCF6E4543}.Debug|Win32.ActiveCfg = Debug|Any CPU
		{5E7C67A1-1BF2-4A46-8C29-8A6DCF6E4543}.Debug|x64.ActiveCfg = Debug|Any CPU
		{5E7C67A1-1BF2-4A46-8C29-8A6DCF6E4543}.Debug|x86.ActiveCfg = Debug|Any CPU
		{5E7C67A1-1BF2-4A46-8C29-8A6DCF6E4543}.Release|.NET.ActiveCfg = Release|Any CPU
		{5E7C67A1-1BF2-4A46-8C29-8A6DCF6E4543}.Release|Any CPU.ActiveCfg = Release|Any CPU
		{5E7C67A1-1BF2-4A46-8C29-8A6DCF6E4543}.Release|Any CPU.Build.0 = Release|Any CPU
		{5E7C67A1-1BF2-4A46-8C29-8A6DCF6E4543}.Release|Mixed Platforms.ActiveCfg = Release|Any CPU
		{5E7C67A1-1BF2-4A46-8C29-8A6DCF6E4543}.Release|Mixed Platforms.Build.0 = Release|Any CPU
		{5E7C67A1-1BF2-4A46-8C29-8A6DCF6E4543}.Release|Win32.ActiveCfg = Release|Any CPU
		{5E7C67A1-1BF2-4A46-8C29-8A6DCF6E4543}.Release|x64.ActiveCfg = Release|Any CPU
		{5E7C67A1-1BF2-4A46-8C29-8A6DCF6E4543}.Release|x86.ActiveCfg = Release|Any CPU
		{630FC167-169E-4CFD-83ED-9BA4AA8A0FB4}.Debug|.NET.ActiveCfg = Debug|Any CPU
		{630FC167-169E-4CFD-83ED-9BA4AA8A0FB4}.Debug|Any CPU.ActiveCfg = Debug|Any CPU
		{630FC167-169E-4CFD-83ED-9BA4AA8A0FB4}.Debug|Any CPU.Build.0 = Debug|Any CPU
		{630FC167-169E-4CFD-83ED-9BA4AA8A0FB4}.Debug|Mixed Platforms.ActiveCfg = Debug|Any CPU
		{630FC167-169E-4CFD-83ED-9BA4AA8A0FB4}.Debug|Mixed Platforms.Build.0 = Debug|Any CPU
		{630FC167-169E-4CFD-83ED-9BA4AA8A0FB4}.Debug|Win32.ActiveCfg = Debug|Any CPU
		{630FC167-169E-4CFD-83ED-9BA4AA8A0FB4}.Debug|x64.ActiveCfg = Debug|Any CPU
		{630FC167-169E-4CFD-83ED-9BA4AA8A0FB4}.Debug|x86.ActiveCfg = Debug|Any CPU
		{630FC167-169E-4CFD-83ED-9BA4AA8A0FB4}.Release|.NET.ActiveCfg = Release|Any CPU
		{630FC167-169E-4CFD-83ED-9BA4AA8A0FB4}.Release|Any CPU.ActiveCfg = Release|Any CPU
		{630FC167-169E-4CFD-83ED-9BA4AA8A0FB4}.Release|Any CPU.Build.0 = Release|Any CPU
		{630FC167-169E-4CFD-83ED-9BA4AA8A0FB4}.Release|Mixed Platforms.ActiveCfg = Release|Any CPU
		{630FC167-169E-4CFD-83ED-9BA4AA8A0FB4}.Release|Mixed Platforms.Build.0 = Release|Any CPU
		{630FC167-169E-4CFD-83ED-9BA4AA8A0FB4}.Release|Win32.ActiveCfg = Release|Any CPU
		{630FC167-169E-4CFD-83ED-9BA4AA8A0FB4}.Release|x64.ActiveCfg = Release|Any CPU
		{630FC167-169E-4CFD-83ED-9BA4AA8A0FB4}.Release|x86.ActiveCfg = Release|Any CPU
		{FC3000BD-6144-46E6-BA7B-1CCE7E85DD27}.Debug|.NET.ActiveCfg = Debug|Any CPU
		{FC3000BD-6144-46E6-BA7B-1CCE7E85DD27}.Debug|Any CPU.ActiveCfg = Debug|Any CPU
		{FC3000BD-6144-46E6-BA7B-1CCE7E85DD27}.Debug|Any CPU.Build.0 = Debug|Any CPU
		{FC3000BD-6144-46E6-BA7B-1CCE7E85DD27}.Debug|Mixed Platforms.ActiveCfg = Debug|Any CPU
		{FC3000BD-6144-46E6-BA7B-1CCE7E85DD27}.Debug|Mixed Platforms.Build.0 = Debug|Any CPU
		{FC3000BD-6144-46E6-BA7B-1CCE7E85DD27}.Debug|Win32.ActiveCfg = Debug|Any CPU
		{FC3000BD-6144-46E6-BA7B-1CCE7E85DD27}.Debug|x64.ActiveCfg = Debug|Any CPU
		{FC3000BD-6144-46E6-BA7B-1CCE7E85DD27}.Debug|x86.ActiveCfg = Debug|Any CPU
		{FC3000BD-6144-46E6-BA7B-1CCE7E85DD27}.Release|.NET.ActiveCfg = Release|Any CPU
		{FC3000BD-6144-46E6-BA7B-1CCE7E85DD27}.Release|Any CPU.ActiveCfg = Release|Any CPU
		{FC3000BD-6144-46E6-BA7B-1CCE7E85DD27}.Release|Any CPU.Build.0 = Release|Any CPU
		{FC3000BD-6144-46E6-BA7B-1CCE7E85DD27}.Release|Mixed Platforms.ActiveCfg = Release|Any CPU
		{FC3000BD-6144-46E6-BA7B-1CCE7E85DD27}.Release|Mixed Platforms.Build.0 = Release|Any CPU
		{FC3000BD-6144-46E6-BA7B-1CCE7E85DD27}.Release|Win32.ActiveCfg = Release|Any CPU
		{FC3000BD-6144-46E6-BA7B-1CCE7E85DD27}.Release|x64.ActiveCfg = Release|Any CPU
		{FC3000BD-6144-46E6-BA7B-1CCE7E85DD27}.Release|x86.ActiveCfg = Release|Any CPU
		{81D664AA-FC03-425E-98A8-B4EAF8236776}.Debug|.NET.ActiveCfg = Debug|Any CPU
		{81D664AA-FC03-425E-98A8-B4EAF8236776}.Debug|Any CPU.ActiveCfg = Debug|Any CPU
		{81D664AA-FC03-425E-98A8-B4EAF8236776}.Debug|Any CPU.Build.0 = Debug|Any CPU
		{81D664AA-FC03-425E-98A8-B4EAF8236776}.Debug|Mixed Platforms.ActiveCfg = Debug|Any CPU
		{81D664AA-FC03-425E-98A8-B4EAF8236776}.Debug|Mixed Platforms.Build.0 = Debug|Any CPU
		{81D664AA-FC03-425E-98A8-B4EAF8236776}.Debug|Win32.ActiveCfg = Debug|Any CPU
		{81D664AA-FC03-425E-98A8-B4EAF8236776}.Debug|x64.ActiveCfg = Debug|Any CPU
		{81D664AA-FC03-425E-98A8-B4EAF8236776}.Debug|x86.ActiveCfg = Debug|Any CPU
		{81D664AA-FC03-425E-98A8-B4EAF8236776}.Release|.NET.ActiveCfg = Release|Any CPU
		{81D664AA-FC03-425E-98A8-B4EAF8236776}.Release|Any CPU.ActiveCfg = Release|Any CPU
		{81D664AA-FC03-425E-98A8-B4EAF8236776}.Release|Any CPU.Build.0 = Release|Any CPU
		{81D664AA-FC03-425E-98A8-B4EAF8236776}.Release|Mixed Platforms.ActiveCfg = Release|Any CPU
		{81D664AA-FC03-425E-98A8-B4EAF8236776}.Release|Mixed Platforms.Build.0 = Release|Any CPU
		{81D664AA-FC03-425E-98A8-B4EAF8236776}.Release|Win32.ActiveCfg = Release|Any CPU
		{81D664AA-FC03-425E-98A8-B4EAF8236776}.Release|x64.ActiveCfg = Release|Any CPU
		{81D664AA-FC03-425E-98A8-B4EAF8236776}.Release|x86.ActiveCfg = Release|Any CPU
		{0EAF6AA9-B712-464B-A11B-FA3CF7577D80}.Debug|.NET.ActiveCfg = Debug|Any CPU
		{0EAF6AA9-B712-464B-A11B-FA3CF7577D80}.Debug|Any CPU.ActiveCfg = Debug|Any CPU
		{0EAF6AA9-B712-464B-A11B-FA3CF7577D80}.Debug|Any CPU.Build.0 = Debug|Any CPU
		{0EAF6AA9-B712-464B-A11B-FA3CF7577D80}.Debug|Mixed Platforms.ActiveCfg = Debug|Any CPU
		{0EAF6AA9-B712-464B-A11B-FA3CF7577D80}.Debug|Mixed Platforms.Build.0 = Debug|Any CPU
		{0EAF6AA9-B712-464B-A11B-FA3CF7577D80}.Debug|Win32.ActiveCfg = Debug|Any CPU
		{0EAF6AA9-B712-464B-A11B-FA3CF7577D80}.Debug|x64.ActiveCfg = Debug|x86
		{0EAF6AA9-B712-464B-A11B-FA3CF7577D80}.Debug|x86.ActiveCfg = Debug|x86
		{0EAF6AA9-B712-464B-A11B-FA3CF7577D80}.Debug|x86.Build.0 = Debug|x86
		{0EAF6AA9-B712-464B-A11B-FA3CF7577D80}.Release|.NET.ActiveCfg = Release|Any CPU
		{0EAF6AA9-B712-464B-A11B-FA3CF7577D80}.Release|Any CPU.ActiveCfg = Release|Any CPU
		{0EAF6AA9-B712-464B-A11B-FA3CF7577D80}.Release|Any CPU.Build.0 = Release|Any CPU
		{0EAF6AA9-B712-464B-A11B-FA3CF7577D80}.Release|Mixed Platforms.ActiveCfg = Release|Any CPU
		{0EAF6AA9-B712-464B-A11B-FA3CF7577D80}.Release|Mixed Platforms.Build.0 = Release|Any CPU
		{0EAF6AA9-B712-464B-A11B-FA3CF7577D80}.Release|Win32.ActiveCfg = Release|Any CPU
		{0EAF6AA9-B712-464B-A11B-FA3CF7577D80}.Release|x64.ActiveCfg = Release|x86
		{0EAF6AA9-B712-464B-A11B-FA3CF7577D80}.Release|x86.ActiveCfg = Release|x86
		{0EAF6AA9-B712-464B-A11B-FA3CF7577D80}.Release|x86.Build.0 = Release|x86
		{C2A1DAE4-BB20-4367-8ADC-D32EEA392D17}.Debug|.NET.ActiveCfg = Debug|Any CPU
		{C2A1DAE4-BB20-4367-8ADC-D32EEA392D17}.Debug|Any CPU.ActiveCfg = Debug|Any CPU
		{C2A1DAE4-BB20-4367-8ADC-D32EEA392D17}.Debug|Any CPU.Build.0 = Debug|Any CPU
		{C2A1DAE4-BB20-4367-8ADC-D32EEA392D17}.Debug|Mixed Platforms.ActiveCfg = Debug|Any CPU
		{C2A1DAE4-BB20-4367-8ADC-D32EEA392D17}.Debug|Mixed Platforms.Build.0 = Debug|Any CPU
		{C2A1DAE4-BB20-4367-8ADC-D32EEA392D17}.Debug|Win32.ActiveCfg = Debug|Any CPU
		{C2A1DAE4-BB20-4367-8ADC-D32EEA392D17}.Debug|x64.ActiveCfg = Debug|Any CPU
		{C2A1DAE4-BB20-4367-8ADC-D32EEA392D17}.Debug|x86.ActiveCfg = Debug|Any CPU
		{C2A1DAE4-BB20-4367-8ADC-D32EEA392D17}.Release|.NET.ActiveCfg = Release|Any CPU
		{C2A1DAE4-BB20-4367-8ADC-D32EEA392D17}.Release|Any CPU.ActiveCfg = Release|Any CPU
		{C2A1DAE4-BB20-4367-8ADC-D32EEA392D17}.Release|Any CPU.Build.0 = Release|Any CPU
		{C2A1DAE4-BB20-4367-8ADC-D32EEA392D17}.Release|Mixed Platforms.ActiveCfg = Release|Any CPU
		{C2A1DAE4-BB20-4367-8ADC-D32EEA392D17}.Release|Mixed Platforms.Build.0 = Release|Any CPU
		{C2A1DAE4-BB20-4367-8ADC-D32EEA392D17}.Release|Win32.ActiveCfg = Release|Any CPU
		{C2A1DAE4-BB20-4367-8ADC-D32EEA392D17}.Release|x64.ActiveCfg = Release|Any CPU
		{C2A1DAE4-BB20-4367-8ADC-D32EEA392D17}.Release|x86.ActiveCfg = Release|Any CPU
	EndGlobalSection
	GlobalSection(SolutionProperties) = preSolution
		HideSolutionNode = FALSE
	EndGlobalSection
EndGlobal
