Microsoft Visual Studio Solution File, Format Version 8.00
Project("{FAE04EC0-301F-11D3-BF4B-00C04F79EFBC}") = "Core", "Core\Core.csproj", "{69F4FF0E-13DE-4AF6-B8AF-572A36239083}"
	ProjectSection(ProjectDependencies) = postProject
	EndProjectSection
EndProject
Project("{FAE04EC0-301F-11D3-BF4B-00C04F79EFBC}") = "UnitTests", "UnitTests\UnitTests.csproj", "{F0EBC9DA-192E-4421-A733-85E802FB5129}"
	ProjectSection(ProjectDependencies) = postProject
	EndProjectSection
EndProject
Project("{FAE04EC0-301F-11D3-BF4B-00C04F79EFBC}") = "IntegrationTests", "IntegrationTests\IntegrationTests.csproj", "{42D1B587-9544-452F-8B76-4F2A65BC9BE5}"
	ProjectSection(ProjectDependencies) = postProject
	EndProjectSection
EndProject
Global
	GlobalSection(SolutionConfiguration) = preSolution
		Build = Build
		Debug = Debug
		Release = Release
	EndGlobalSection
	GlobalSection(ProjectConfiguration) = postSolution
		{69F4FF0E-13DE-4AF6-B8AF-572A36239083}.Build.ActiveCfg = Build|.NET
		{69F4FF0E-13DE-4AF6-B8AF-572A36239083}.Build.Build.0 = Build|.NET
		{69F4FF0E-13DE-4AF6-B8AF-572A36239083}.Debug.ActiveCfg = Debug|.NET
		{69F4FF0E-13DE-4AF6-B8AF-572A36239083}.Debug.Build.0 = Debug|.NET
		{69F4FF0E-13DE-4AF6-B8AF-572A36239083}.Release.ActiveCfg = Release|.NET
		{69F4FF0E-13DE-4AF6-B8AF-572A36239083}.Release.Build.0 = Release|.NET
		{F0EBC9DA-192E-4421-A733-85E802FB5129}.Build.ActiveCfg = Build|.NET
		{F0EBC9DA-192E-4421-A733-85E802FB5129}.Build.Build.0 = Build|.NET
		{F0EBC9DA-192E-4421-A733-85E802FB5129}.Debug.ActiveCfg = Debug|.NET
		{F0EBC9DA-192E-4421-A733-85E802FB5129}.Debug.Build.0 = Debug|.NET
		{F0EBC9DA-192E-4421-A733-85E802FB5129}.Release.ActiveCfg = Release|.NET
		{F0EBC9DA-192E-4421-A733-85E802FB5129}.Release.Build.0 = Release|.NET
		{42D1B587-9544-452F-8B76-4F2A65BC9BE5}.Build.ActiveCfg = Build|.NET
		{42D1B587-9544-452F-8B76-4F2A65BC9BE5}.Build.Build.0 = Build|.NET
		{42D1B587-9544-452F-8B76-4F2A65BC9BE5}.Debug.ActiveCfg = Debug|.NET
		{42D1B587-9544-452F-8B76-4F2A65BC9BE5}.Debug.Build.0 = Debug|.NET
		{42D1B587-9544-452F-8B76-4F2A65BC9BE5}.Release.ActiveCfg = Release|.NET
		{42D1B587-9544-452F-8B76-4F2A65BC9BE5}.Release.Build.0 = Release|.NET
	EndGlobalSection
	GlobalSection(SolutionItems) = postSolution
	EndGlobalSection
	GlobalSection(ExtensibilityGlobals) = postSolution
	EndGlobalSection
	GlobalSection(ExtensibilityAddIns) = postSolution
	EndGlobalSection
EndGlobal
