
Microsoft Visual Studio Solution File, Format Version 9.00
# Visual Studio 2005
Project("{8BC9CEB8-8B4A-11D0-8D11-00A0C91BC942}") = "hudsuckr", "hudsuckr.vcproj", "{27CCA8C6-CD0C-444F-951B-7415987B38D6}"
EndProject
Global
	GlobalSection(SolutionConfigurationPlatforms) = preSolution
		Debug|Win32 = Debug|Win32
		Release|Win32 = Release|Win32
	EndGlobalSection
	GlobalSection(ProjectConfigurationPlatforms) = postSolution
		{27CCA8C6-CD0C-444F-951B-7415987B38D6}.Debug|Win32.ActiveCfg = Debug|Win32
		{27CCA8C6-CD0C-444F-951B-7415987B38D6}.Debug|Win32.Build.0 = Debug|Win32
		{27CCA8C6-CD0C-444F-951B-7415987B38D6}.Release|Win32.ActiveCfg = Release|Win32
		{27CCA8C6-CD0C-444F-951B-7415987B38D6}.Release|Win32.Build.0 = Release|Win32
	EndGlobalSection
	GlobalSection(SolutionProperties) = preSolution
		HideSolutionNode = FALSE
	EndGlobalSection
EndGlobal
