// !$*UTF8*$!
{
	archiveVersion = 1;
	classes = {
	};
	objectVersion = 42;
	objects = {

/* Begin PBXBuildFile section */
		8D11072A0486CEB800E47090 /* MainMenu.nib in Resources */ = {isa = PBXBuildFile; fileRef = 29B97318FDCFA39411CA2CEA /* MainMenu.nib */; };
		8D11072B0486CEB800E47090 /* InfoPlist.strings in Resources */ = {isa = PBXBuildFile; fileRef = 089C165CFE840E0CC02AAC07 /* InfoPlist.strings */; };
		8D11072D0486CEB800E47090 /* main.m in Sources */ = {isa = PBXBuildFile; fileRef = 29B97316FDCFA39411CA2CEA /* main.m */; settings = {ATTRIBUTES = (); }; };
		8D11072F0486CEB800E47090 /* Cocoa.framework in Frameworks */ = {isa = PBXBuildFile; fileRef = 1058C7A1FEA54F0111CA2CBB /* Cocoa.framework */; };
		DC2EA2310E91B40B00BB17BF /* HTTPConnection.m in Sources */ = {isa = PBXBuildFile; fileRef = DC2EA2300E91B40B00BB17BF /* HTTPConnection.m */; };
		DC2EA24B0E91B76A00BB17BF /* HTTPResponse.m in Sources */ = {isa = PBXBuildFile; fileRef = DC2EA24A0E91B76A00BB17BF /* HTTPResponse.m */; };
		DC2EA2D90E92152D00BB17BF /* DDData.m in Sources */ = {isa = PBXBuildFile; fileRef = DC2EA2D80E92152D00BB17BF /* DDData.m */; };
		DC41D6D40C178D1000F8D00D /* AsyncSocket.m in Sources */ = {isa = PBXBuildFile; fileRef = DC41D6D30C178D1000F8D00D /* AsyncSocket.m */; };
		DC41D6D90C178D5700F8D00D /* AppDelegate.m in Sources */ = {isa = PBXBuildFile; fileRef = DC41D6D70C178D5700F8D00D /* AppDelegate.m */; };
		DC41D6E20C178DE500F8D00D /* HTTPAuthenticationRequest.m in Sources */ = {isa = PBXBuildFile; fileRef = DC41D6DF0C178DE500F8D00D /* HTTPAuthenticationRequest.m */; };
		DC41D6E30C178DE500F8D00D /* HTTPServer.m in Sources */ = {isa = PBXBuildFile; fileRef = DC41D6E10C178DE500F8D00D /* HTTPServer.m */; };
		DC7A904A0EB8D297000BA995 /* SSCrypto.m in Sources */ = {isa = PBXBuildFile; fileRef = DC7A90490EB8D297000BA995 /* SSCrypto.m */; };
		DC7A90540EB8D2EB000BA995 /* libcrypto.dylib in Frameworks */ = {isa = PBXBuildFile; fileRef = DC7A90530EB8D2EB000BA995 /* libcrypto.dylib */; };
		DCF61A820E609737009BFEE4 /* DDNumber.m in Sources */ = {isa = PBXBuildFile; fileRef = DCF61A810E609737009BFEE4 /* DDNumber.m */; };
		DCF61D540E632D0F009BFEE4 /* DDRange.m in Sources */ = {isa = PBXBuildFile; fileRef = DCF61D530E632D0F009BFEE4 /* DDRange.m */; };
/* End PBXBuildFile section */

/* Begin PBXCopyFilesBuildPhase section */
		DC41D6F60C178E9200F8D00D /* Copy Internal Frameworks */ = {
			isa = PBXCopyFilesBuildPhase;
			buildActionMask = 2147483647;
			dstPath = "";
			dstSubfolderSpec = 10;
			files = (
			);
			name = "Copy Internal Frameworks";
			runOnlyForDeploymentPostprocessing = 0;
		};
/* End PBXCopyFilesBuildPhase section */

/* Begin PBXFileReference section */
		089C165DFE840E0CC02AAC07 /* English */ = {isa = PBXFileReference; fileEncoding = 10; lastKnownFileType = text.plist.strings; name = English; path = English.lproj/InfoPlist.strings; sourceTree = "<group>"; };
		1058C7A1FEA54F0111CA2CBB /* Cocoa.framework */ = {isa = PBXFileReference; lastKnownFileType = wrapper.framework; name = Cocoa.framework; path = /System/Library/Frameworks/Cocoa.framework; sourceTree = "<absolute>"; };
		13E42FB307B3F0F600E4EEF1 /* CoreData.framework */ = {isa = PBXFileReference; lastKnownFileType = wrapper.framework; name = CoreData.framework; path = /System/Library/Frameworks/CoreData.framework; sourceTree = "<absolute>"; };
		29B97316FDCFA39411CA2CEA /* main.m */ = {isa = PBXFileReference; fileEncoding = 4; lastKnownFileType = sourcecode.c.objc; path = main.m; sourceTree = "<group>"; };
		29B97319FDCFA39411CA2CEA /* English */ = {isa = PBXFileReference; lastKnownFileType = wrapper.nib; name = English; path = English.lproj/MainMenu.nib; sourceTree = "<group>"; };
		29B97324FDCFA39411CA2CEA /* AppKit.framework */ = {isa = PBXFileReference; lastKnownFileType = wrapper.framework; name = AppKit.framework; path = /System/Library/Frameworks/AppKit.framework; sourceTree = "<absolute>"; };
		29B97325FDCFA39411CA2CEA /* Foundation.framework */ = {isa = PBXFileReference; lastKnownFileType = wrapper.framework; name = Foundation.framework; path = /System/Library/Frameworks/Foundation.framework; sourceTree = "<absolute>"; };
		32CA4F630368D1EE00C91783 /* SimpleHTTPServer_Prefix.pch */ = {isa = PBXFileReference; fileEncoding = 4; lastKnownFileType = sourcecode.c.h; path = SimpleHTTPServer_Prefix.pch; sourceTree = "<group>"; };
		8D1107310486CEB800E47090 /* Info.plist */ = {isa = PBXFileReference; fileEncoding = 4; lastKnownFileType = text.plist; path = Info.plist; sourceTree = "<group>"; };
		8D1107320486CEB800E47090 /* SimpleHTTPServer.app */ = {isa = PBXFileReference; explicitFileType = wrapper.application; includeInIndex = 0; path = SimpleHTTPServer.app; sourceTree = BUILT_PRODUCTS_DIR; };
		DC2EA22F0E91B40B00BB17BF /* HTTPConnection.h */ = {isa = PBXFileReference; fileEncoding = 4; lastKnownFileType = sourcecode.c.h; path = HTTPConnection.h; sourceTree = "<group>"; };
		DC2EA2300E91B40B00BB17BF /* HTTPConnection.m */ = {isa = PBXFileReference; fileEncoding = 4; lastKnownFileType = sourcecode.c.objc; path = HTTPConnection.m; sourceTree = "<group>"; };
		DC2EA2490E91B76A00BB17BF /* HTTPResponse.h */ = {isa = PBXFileReference; fileEncoding = 4; lastKnownFileType = sourcecode.c.h; path = HTTPResponse.h; sourceTree = "<group>"; };
		DC2EA24A0E91B76A00BB17BF /* HTTPResponse.m */ = {isa = PBXFileReference; fileEncoding = 4; lastKnownFileType = sourcecode.c.objc; path = HTTPResponse.m; sourceTree = "<group>"; };
		DC2EA2D70E92152D00BB17BF /* DDData.h */ = {isa = PBXFileReference; fileEncoding = 4; lastKnownFileType = sourcecode.c.h; path = DDData.h; sourceTree = "<group>"; };
		DC2EA2D80E92152D00BB17BF /* DDData.m */ = {isa = PBXFileReference; fileEncoding = 4; lastKnownFileType = sourcecode.c.objc; path = DDData.m; sourceTree = "<group>"; };
		DC41D6D20C178D1000F8D00D /* AsyncSocket.h */ = {isa = PBXFileReference; fileEncoding = 30; lastKnownFileType = sourcecode.c.h; path = AsyncSocket.h; sourceTree = "<group>"; };
		DC41D6D30C178D1000F8D00D /* AsyncSocket.m */ = {isa = PBXFileReference; fileEncoding = 30; lastKnownFileType = sourcecode.c.objc; path = AsyncSocket.m; sourceTree = "<group>"; };
		DC41D6D70C178D5700F8D00D /* AppDelegate.m */ = {isa = PBXFileReference; fileEncoding = 30; lastKnownFileType = sourcecode.c.objc; path = AppDelegate.m; sourceTree = "<group>"; };
		DC41D6D80C178D5700F8D00D /* AppDelegate.h */ = {isa = PBXFileReference; fileEncoding = 30; lastKnownFileType = sourcecode.c.h; path = AppDelegate.h; sourceTree = "<group>"; };
		DC41D6DE0C178DE500F8D00D /* HTTPAuthenticationRequest.h */ = {isa = PBXFileReference; fileEncoding = 30; lastKnownFileType = sourcecode.c.h; path = HTTPAuthenticationRequest.h; sourceTree = "<group>"; };
		DC41D6DF0C178DE500F8D00D /* HTTPAuthenticationRequest.m */ = {isa = PBXFileReference; fileEncoding = 30; lastKnownFileType = sourcecode.c.objc; path = HTTPAuthenticationRequest.m; sourceTree = "<group>"; };
		DC41D6E00C178DE500F8D00D /* HTTPServer.h */ = {isa = PBXFileReference; fileEncoding = 30; lastKnownFileType = sourcecode.c.h; path = HTTPServer.h; sourceTree = "<group>"; };
		DC41D6E10C178DE500F8D00D /* HTTPServer.m */ = {isa = PBXFileReference; fileEncoding = 30; lastKnownFileType = sourcecode.c.objc; path = HTTPServer.m; sourceTree = "<group>"; };
		DC7A90480EB8D297000BA995 /* SSCrypto.h */ = {isa = PBXFileReference; fileEncoding = 4; lastKnownFileType = sourcecode.c.h; path = SSCrypto.h; sourceTree = "<group>"; };
		DC7A90490EB8D297000BA995 /* SSCrypto.m */ = {isa = PBXFileReference; fileEncoding = 4; lastKnownFileType = sourcecode.c.objc; path = SSCrypto.m; sourceTree = "<group>"; };
		DC7A90530EB8D2EB000BA995 /* libcrypto.dylib */ = {isa = PBXFileReference; lastKnownFileType = "compiled.mach-o.dylib"; name = libcrypto.dylib; path = /usr/lib/libcrypto.dylib; sourceTree = "<absolute>"; };
		DCF61A800E609737009BFEE4 /* DDNumber.h */ = {isa = PBXFileReference; fileEncoding = 4; lastKnownFileType = sourcecode.c.h; path = DDNumber.h; sourceTree = "<group>"; };
		DCF61A810E609737009BFEE4 /* DDNumber.m */ = {isa = PBXFileReference; fileEncoding = 4; lastKnownFileType = sourcecode.c.objc; path = DDNumber.m; sourceTree = "<group>"; };
		DCF61D520E632D0F009BFEE4 /* DDRange.h */ = {isa = PBXFileReference; fileEncoding = 4; lastKnownFileType = sourcecode.c.h; path = DDRange.h; sourceTree = "<group>"; };
		DCF61D530E632D0F009BFEE4 /* DDRange.m */ = {isa = PBXFileReference; fileEncoding = 4; lastKnownFileType = sourcecode.c.objc; path = DDRange.m; sourceTree = "<group>"; };
/* End PBXFileReference section */

/* Begin PBXFrameworksBuildPhase section */
		8D11072E0486CEB800E47090 /* Frameworks */ = {
			isa = PBXFrameworksBuildPhase;
			buildActionMask = 2147483647;
			files = (
				8D11072F0486CEB800E47090 /* Cocoa.framework in Frameworks */,
				DC7A90540EB8D2EB000BA995 /* libcrypto.dylib in Frameworks */,
			);
			runOnlyForDeploymentPostprocessing = 0;
		};
/* End PBXFrameworksBuildPhase section */

/* Begin PBXGroup section */
		080E96DDFE201D6D7F000001 /* Classes */ = {
			isa = PBXGroup;
			children = (
				DC41D6D80C178D5700F8D00D /* AppDelegate.h */,
				DC41D6D70C178D5700F8D00D /* AppDelegate.m */,
			);
			name = Classes;
			sourceTree = "<group>";
		};
		1058C7A0FEA54F0111CA2CBB /* Linked Frameworks */ = {
			isa = PBXGroup;
			children = (
				1058C7A1FEA54F0111CA2CBB /* Cocoa.framework */,
				DC7A90530EB8D2EB000BA995 /* libcrypto.dylib */,
			);
			name = "Linked Frameworks";
			sourceTree = "<group>";
		};
		1058C7A2FEA54F0111CA2CBB /* Other Frameworks */ = {
			isa = PBXGroup;
			children = (
				29B97324FDCFA39411CA2CEA /* AppKit.framework */,
				13E42FB307B3F0F600E4EEF1 /* CoreData.framework */,
				29B97325FDCFA39411CA2CEA /* Foundation.framework */,
			);
			name = "Other Frameworks";
			sourceTree = "<group>";
		};
		19C28FACFE9D520D11CA2CBB /* Products */ = {
			isa = PBXGroup;
			children = (
				8D1107320486CEB800E47090 /* SimpleHTTPServer.app */,
			);
			name = Products;
			sourceTree = "<group>";
		};
		29B97314FDCFA39411CA2CEA /* SimpleHTTPServer */ = {
			isa = PBXGroup;
			children = (
				DC7A902C0EB8D21F000BA995 /* SSCrypto */,
				DCF61A7F0E609727009BFEE4 /* Categories */,
				DC41D6CD0C178CEA00F8D00D /* TCP */,
				DC41D6D50C178D1600F8D00D /* HTTP */,
				080E96DDFE201D6D7F000001 /* Classes */,
				29B97315FDCFA39411CA2CEA /* Other Sources */,
				29B97317FDCFA39411CA2CEA /* Resources */,
				29B97323FDCFA39411CA2CEA /* Frameworks */,
				19C28FACFE9D520D11CA2CBB /* Products */,
			);
			name = SimpleHTTPServer;
			sourceTree = "<group>";
		};
		29B97315FDCFA39411CA2CEA /* Other Sources */ = {
			isa = PBXGroup;
			children = (
				32CA4F630368D1EE00C91783 /* SimpleHTTPServer_Prefix.pch */,
				29B97316FDCFA39411CA2CEA /* main.m */,
			);
			name = "Other Sources";
			sourceTree = "<group>";
		};
		29B97317FDCFA39411CA2CEA /* Resources */ = {
			isa = PBXGroup;
			children = (
				8D1107310486CEB800E47090 /* Info.plist */,
				089C165CFE840E0CC02AAC07 /* InfoPlist.strings */,
				29B97318FDCFA39411CA2CEA /* MainMenu.nib */,
			);
			name = Resources;
			sourceTree = "<group>";
		};
		29B97323FDCFA39411CA2CEA /* Frameworks */ = {
			isa = PBXGroup;
			children = (
				1058C7A0FEA54F0111CA2CBB /* Linked Frameworks */,
				1058C7A2FEA54F0111CA2CBB /* Other Frameworks */,
			);
			name = Frameworks;
			sourceTree = "<group>";
		};
		DC41D6CD0C178CEA00F8D00D /* TCP */ = {
			isa = PBXGroup;
			children = (
				DC41D6D20C178D1000F8D00D /* AsyncSocket.h */,
				DC41D6D30C178D1000F8D00D /* AsyncSocket.m */,
			);
			name = TCP;
			sourceTree = "<group>";
		};
		DC41D6D50C178D1600F8D00D /* HTTP */ = {
			isa = PBXGroup;
			children = (
				DC41D6DE0C178DE500F8D00D /* HTTPAuthenticationRequest.h */,
				DC41D6DF0C178DE500F8D00D /* HTTPAuthenticationRequest.m */,
				DC41D6E00C178DE500F8D00D /* HTTPServer.h */,
				DC41D6E10C178DE500F8D00D /* HTTPServer.m */,
				DC2EA22F0E91B40B00BB17BF /* HTTPConnection.h */,
				DC2EA2300E91B40B00BB17BF /* HTTPConnection.m */,
				DC2EA2490E91B76A00BB17BF /* HTTPResponse.h */,
				DC2EA24A0E91B76A00BB17BF /* HTTPResponse.m */,
			);
			name = HTTP;
			sourceTree = "<group>";
		};
		DC7A902C0EB8D21F000BA995 /* SSCrypto */ = {
			isa = PBXGroup;
			children = (
				DC7A90480EB8D297000BA995 /* SSCrypto.h */,
				DC7A90490EB8D297000BA995 /* SSCrypto.m */,
			);
			name = SSCrypto;
			sourceTree = "<group>";
		};
		DCF61A7F0E609727009BFEE4 /* Categories */ = {
			isa = PBXGroup;
			children = (
				DCF61A800E609737009BFEE4 /* DDNumber.h */,
				DCF61A810E609737009BFEE4 /* DDNumber.m */,
				DCF61D520E632D0F009BFEE4 /* DDRange.h */,
				DCF61D530E632D0F009BFEE4 /* DDRange.m */,
				DC2EA2D70E92152D00BB17BF /* DDData.h */,
				DC2EA2D80E92152D00BB17BF /* DDData.m */,
			);
			name = Categories;
			sourceTree = "<group>";
		};
/* End PBXGroup section */

/* Begin PBXNativeTarget section */
		8D1107260486CEB800E47090 /* SimpleHTTPServer */ = {
			isa = PBXNativeTarget;
			buildConfigurationList = C01FCF4A08A954540054247B /* Build configuration list for PBXNativeTarget "SimpleHTTPServer" */;
			buildPhases = (
				8D1107290486CEB800E47090 /* Resources */,
				8D11072C0486CEB800E47090 /* Sources */,
				8D11072E0486CEB800E47090 /* Frameworks */,
				DC41D6F60C178E9200F8D00D /* Copy Internal Frameworks */,
			);
			buildRules = (
			);
			dependencies = (
			);
			name = SimpleHTTPServer;
			productInstallPath = "$(HOME)/Applications";
			productName = SimpleHTTPServer;
			productReference = 8D1107320486CEB800E47090 /* SimpleHTTPServer.app */;
			productType = "com.apple.product-type.application";
		};
/* End PBXNativeTarget section */

/* Begin PBXProject section */
		29B97313FDCFA39411CA2CEA /* Project object */ = {
			isa = PBXProject;
			buildConfigurationList = C01FCF4E08A954540054247B /* Build configuration list for PBXProject "SimpleHTTPServer" */;
			compatibilityVersion = "Xcode 2.4";
			hasScannedForEncodings = 1;
			mainGroup = 29B97314FDCFA39411CA2CEA /* SimpleHTTPServer */;
			projectDirPath = "";
			projectRoot = "";
			targets = (
				8D1107260486CEB800E47090 /* SimpleHTTPServer */,
			);
		};
/* End PBXProject section */

/* Begin PBXResourcesBuildPhase section */
		8D1107290486CEB800E47090 /* Resources */ = {
			isa = PBXResourcesBuildPhase;
			buildActionMask = 2147483647;
			files = (
				8D11072A0486CEB800E47090 /* MainMenu.nib in Resources */,
				8D11072B0486CEB800E47090 /* InfoPlist.strings in Resources */,
			);
			runOnlyForDeploymentPostprocessing = 0;
		};
/* End PBXResourcesBuildPhase section */

/* Begin PBXSourcesBuildPhase section */
		8D11072C0486CEB800E47090 /* Sources */ = {
			isa = PBXSourcesBuildPhase;
			buildActionMask = 2147483647;
			files = (
				8D11072D0486CEB800E47090 /* main.m in Sources */,
				DC41D6D40C178D1000F8D00D /* AsyncSocket.m in Sources */,
				DC41D6D90C178D5700F8D00D /* AppDelegate.m in Sources */,
				DC41D6E20C178DE500F8D00D /* HTTPAuthenticationRequest.m in Sources */,
				DC41D6E30C178DE500F8D00D /* HTTPServer.m in Sources */,
				DCF61A820E609737009BFEE4 /* DDNumber.m in Sources */,
				DCF61D540E632D0F009BFEE4 /* DDRange.m in Sources */,
				DC2EA2310E91B40B00BB17BF /* HTTPConnection.m in Sources */,
				DC2EA24B0E91B76A00BB17BF /* HTTPResponse.m in Sources */,
				DC2EA2D90E92152D00BB17BF /* DDData.m in Sources */,
				DC7A904A0EB8D297000BA995 /* SSCrypto.m in Sources */,
			);
			runOnlyForDeploymentPostprocessing = 0;
		};
/* End PBXSourcesBuildPhase section */

/* Begin PBXVariantGroup section */
		089C165CFE840E0CC02AAC07 /* InfoPlist.strings */ = {
			isa = PBXVariantGroup;
			children = (
				089C165DFE840E0CC02AAC07 /* English */,
			);
			name = InfoPlist.strings;
			sourceTree = "<group>";
		};
		29B97318FDCFA39411CA2CEA /* MainMenu.nib */ = {
			isa = PBXVariantGroup;
			children = (
				29B97319FDCFA39411CA2CEA /* English */,
			);
			name = MainMenu.nib;
			sourceTree = "<group>";
		};
/* End PBXVariantGroup section */

/* Begin XCBuildConfiguration section */
		C01FCF4B08A954540054247B /* Debug */ = {
			isa = XCBuildConfiguration;
			buildSettings = {
				COPY_PHASE_STRIP = NO;
				FRAMEWORK_SEARCH_PATHS = (
					"$(inherited)",
					"$(FRAMEWORK_SEARCH_PATHS_QUOTED_1)",
				);
				FRAMEWORK_SEARCH_PATHS_QUOTED_1 = "\"$(SRCROOT)\"";
				GCC_DYNAMIC_NO_PIC = NO;
				GCC_ENABLE_FIX_AND_CONTINUE = YES;
				GCC_MODEL_TUNING = G5;
				GCC_OPTIMIZATION_LEVEL = 0;
				INFOPLIST_FILE = Info.plist;
				INSTALL_PATH = "$(HOME)/Applications";
				PRODUCT_NAME = SimpleHTTPServer;
				WRAPPER_EXTENSION = app;
				ZERO_LINK = YES;
			};
			name = Debug;
		};
		C01FCF4C08A954540054247B /* Release */ = {
			isa = XCBuildConfiguration;
			buildSettings = {
				ARCHS = (
					ppc,
					i386,
				);
				FRAMEWORK_SEARCH_PATHS = (
					"$(inherited)",
					"$(FRAMEWORK_SEARCH_PATHS_QUOTED_1)",
				);
				FRAMEWORK_SEARCH_PATHS_QUOTED_1 = "\"$(SRCROOT)\"";
				GCC_GENERATE_DEBUGGING_SYMBOLS = NO;
				GCC_MODEL_TUNING = G5;
				INFOPLIST_FILE = Info.plist;
				INSTALL_PATH = "$(HOME)/Applications";
				PRODUCT_NAME = SimpleHTTPServer;
				WRAPPER_EXTENSION = app;
			};
			name = Release;
		};
		C01FCF4F08A954540054247B /* Debug */ = {
			isa = XCBuildConfiguration;
			buildSettings = {
				ARCHS = "$(NATIVE_ARCH)";
				GCC_ENABLE_OBJC_EXCEPTIONS = YES;
				GCC_WARN_ABOUT_RETURN_TYPE = YES;
				GCC_WARN_UNUSED_VARIABLE = YES;
				PREBINDING = NO;
				SDKROOT = /Developer/SDKs/MacOSX10.5.sdk;
			};
			name = Debug;
		};
		C01FCF5008A954540054247B /* Release */ = {
			isa = XCBuildConfiguration;
			buildSettings = {
				ARCHS = "$(ARCHS_STANDARD_32_64_BIT_PRE_XCODE_3_1)";
				ARCHS_STANDARD_32_64_BIT_PRE_XCODE_3_1 = "ppc i386 ppc64 x86_64";
				GCC_ENABLE_OBJC_EXCEPTIONS = YES;
				GCC_WARN_ABOUT_RETURN_TYPE = YES;
				GCC_WARN_UNUSED_VARIABLE = YES;
				PREBINDING = NO;
				SDKROOT = /Developer/SDKs/MacOSX10.5.sdk;
			};
			name = Release;
		};
/* End XCBuildConfiguration section */

/* Begin XCConfigurationList section */
		C01FCF4A08A954540054247B /* Build configuration list for PBXNativeTarget "SimpleHTTPServer" */ = {
			isa = XCConfigurationList;
			buildConfigurations = (
				C01FCF4B08A954540054247B /* Debug */,
				C01FCF4C08A954540054247B /* Release */,
			);
			defaultConfigurationIsVisible = 0;
			defaultConfigurationName = Release;
		};
		C01FCF4E08A954540054247B /* Build configuration list for PBXProject "SimpleHTTPServer" */ = {
			isa = XCConfigurationList;
			buildConfigurations = (
				C01FCF4F08A954540054247B /* Debug */,
				C01FCF5008A954540054247B /* Release */,
			);
			defaultConfigurationIsVisible = 0;
			defaultConfigurationName = Release;
		};
/* End XCConfigurationList section */
	};
	rootObject = 29B97313FDCFA39411CA2CEA /* Project object */;
}
