
Microsoft Visual Studio Solution File, Format Version 12.00
# Visual Studio 15
VisualStudioVersion = 15.0.27130.2026
MinimumVisualStudioVersion = 10.0.40219.1
Project("{9A19103F-16F7-4668-BE54-9A1E7A4F7556}") = "WebDriver", "src\webdriver\WebDriver.csproj", "{ACCB2D1E-E2C9-4AC1-8EE3-6BF1C30AD713}"
EndProject
Project("{9A19103F-16F7-4668-BE54-9A1E7A4F7556}") = "Selenium.WebDriverBackedSelenium", "src\webdriverbackedselenium\Selenium.WebDriverBackedSelenium.csproj", "{55FB5C5F-AB40-4475-A40C-AE9EA8ED84C3}"
EndProject
Project("{9A19103F-16F7-4668-BE54-9A1E7A4F7556}") = "WebDriver.Support", "src\support\WebDriver.Support.csproj", "{2AF7986A-68F8-4EDE-9C44-1BD11ED2B329}"
EndProject
Project("{9A19103F-16F7-4668-BE54-9A1E7A4F7556}") = "WebDriver.Common.Tests", "test\common\WebDriver.Common.Tests.csproj", "{1869A2D9-3782-41E4-84DD-EB1A5E971C93}"
EndProject
Project("{9A19103F-16F7-4668-BE54-9A1E7A4F7556}") = "WebDriver.Chrome.Tests", "test\chrome\WebDriver.Chrome.Tests.csproj", "{F5751636-2F68-4BE3-B383-D4F4937A1946}"
EndProject
Project("{9A19103F-16F7-4668-BE54-9A1E7A4F7556}") = "WebDriver.Edge.Tests", "test\edge\WebDriver.Edge.Tests.csproj", "{EF99FB04-94C3-4AA0-8809-B514B253DF51}"
EndProject
Project("{9A19103F-16F7-4668-BE54-9A1E7A4F7556}") = "WebDriver.Opera.Tests", "test\opera\WebDriver.Opera.Tests.csproj", "{C6CD9D25-75D2-4C7A-966A-EA2D26091DD1}"
EndProject
Project("{9A19103F-16F7-4668-BE54-9A1E7A4F7556}") = "WebDriver.IE.Tests", "test\ie\WebDriver.IE.Tests.csproj", "{E54A6F7B-3939-4DE5-85CC-28158615A967}"
EndProject
Project("{9A19103F-16F7-4668-BE54-9A1E7A4F7556}") = "WebDriver.Firefox.Tests", "test\firefox\WebDriver.Firefox.Tests.csproj", "{F912F647-04A0-4081-91B4-985EE0E9097C}"
EndProject
Project("{9A19103F-16F7-4668-BE54-9A1E7A4F7556}") = "WebDriver.Remote.Tests", "test\remote\WebDriver.Remote.Tests.csproj", "{B9C6B276-445A-400F-BE74-1E068F50A54D}"
EndProject
Project("{9A19103F-16F7-4668-BE54-9A1E7A4F7556}") = "WebDriver.Safari.Tests", "test\safari\WebDriver.Safari.Tests.csproj", "{BB08F673-1553-4A56-882A-A2A115AC06C2}"
EndProject
Project("{9A19103F-16F7-4668-BE54-9A1E7A4F7556}") = "WebDriver.Support.Tests", "test\support\WebDriver.Support.Tests.csproj", "{2136C695-2526-45E0-AE1D-68FBBC6A9DE2}"
EndProject
Project("{9A19103F-16F7-4668-BE54-9A1E7A4F7556}") = "Selenium.WebDriverBackedSelenium.Tests", "test\webdriverbackedselenium\Selenium.WebDriverBackedSelenium.Tests.csproj", "{3E3DCF83-1CA3-4C84-8807-DC72BD2AB5F0}"
EndProject
Global
	GlobalSection(SolutionConfigurationPlatforms) = preSolution
		Debug|Any CPU = Debug|Any CPU
		Release|Any CPU = Release|Any CPU
	EndGlobalSection
	GlobalSection(ProjectConfigurationPlatforms) = postSolution
		{ACCB2D1E-E2C9-4AC1-8EE3-6BF1C30AD713}.Debug|Any CPU.ActiveCfg = Debug|Any CPU
		{ACCB2D1E-E2C9-4AC1-8EE3-6BF1C30AD713}.Debug|Any CPU.Build.0 = Debug|Any CPU
		{ACCB2D1E-E2C9-4AC1-8EE3-6BF1C30AD713}.Release|Any CPU.ActiveCfg = Release|Any CPU
		{ACCB2D1E-E2C9-4AC1-8EE3-6BF1C30AD713}.Release|Any CPU.Build.0 = Release|Any CPU
		{55FB5C5F-AB40-4475-A40C-AE9EA8ED84C3}.Debug|Any CPU.ActiveCfg = Debug|Any CPU
		{55FB5C5F-AB40-4475-A40C-AE9EA8ED84C3}.Debug|Any CPU.Build.0 = Debug|Any CPU
		{55FB5C5F-AB40-4475-A40C-AE9EA8ED84C3}.Release|Any CPU.ActiveCfg = Release|Any CPU
		{55FB5C5F-AB40-4475-A40C-AE9EA8ED84C3}.Release|Any CPU.Build.0 = Release|Any CPU
		{2AF7986A-68F8-4EDE-9C44-1BD11ED2B329}.Debug|Any CPU.ActiveCfg = Debug|Any CPU
		{2AF7986A-68F8-4EDE-9C44-1BD11ED2B329}.Debug|Any CPU.Build.0 = Debug|Any CPU
		{2AF7986A-68F8-4EDE-9C44-1BD11ED2B329}.Release|Any CPU.ActiveCfg = Release|Any CPU
		{2AF7986A-68F8-4EDE-9C44-1BD11ED2B329}.Release|Any CPU.Build.0 = Release|Any CPU
		{1869A2D9-3782-41E4-84DD-EB1A5E971C93}.Debug|Any CPU.ActiveCfg = Debug|Any CPU
		{1869A2D9-3782-41E4-84DD-EB1A5E971C93}.Debug|Any CPU.Build.0 = Debug|Any CPU
		{1869A2D9-3782-41E4-84DD-EB1A5E971C93}.Release|Any CPU.ActiveCfg = Release|Any CPU
		{1869A2D9-3782-41E4-84DD-EB1A5E971C93}.Release|Any CPU.Build.0 = Release|Any CPU
		{F5751636-2F68-4BE3-B383-D4F4937A1946}.Debug|Any CPU.ActiveCfg = Debug|Any CPU
		{F5751636-2F68-4BE3-B383-D4F4937A1946}.Debug|Any CPU.Build.0 = Debug|Any CPU
		{F5751636-2F68-4BE3-B383-D4F4937A1946}.Release|Any CPU.ActiveCfg = Release|Any CPU
		{F5751636-2F68-4BE3-B383-D4F4937A1946}.Release|Any CPU.Build.0 = Release|Any CPU
		{EF99FB04-94C3-4AA0-8809-B514B253DF51}.Debug|Any CPU.ActiveCfg = Debug|Any CPU
		{EF99FB04-94C3-4AA0-8809-B514B253DF51}.Debug|Any CPU.Build.0 = Debug|Any CPU
		{EF99FB04-94C3-4AA0-8809-B514B253DF51}.Release|Any CPU.ActiveCfg = Release|Any CPU
		{EF99FB04-94C3-4AA0-8809-B514B253DF51}.Release|Any CPU.Build.0 = Release|Any CPU
		{C6CD9D25-75D2-4C7A-966A-EA2D26091DD1}.Debug|Any CPU.ActiveCfg = Debug|Any CPU
		{C6CD9D25-75D2-4C7A-966A-EA2D26091DD1}.Debug|Any CPU.Build.0 = Debug|Any CPU
		{C6CD9D25-75D2-4C7A-966A-EA2D26091DD1}.Release|Any CPU.ActiveCfg = Release|Any CPU
		{C6CD9D25-75D2-4C7A-966A-EA2D26091DD1}.Release|Any CPU.Build.0 = Release|Any CPU
		{E54A6F7B-3939-4DE5-85CC-28158615A967}.Debug|Any CPU.ActiveCfg = Debug|Any CPU
		{E54A6F7B-3939-4DE5-85CC-28158615A967}.Debug|Any CPU.Build.0 = Debug|Any CPU
		{E54A6F7B-3939-4DE5-85CC-28158615A967}.Release|Any CPU.ActiveCfg = Release|Any CPU
		{E54A6F7B-3939-4DE5-85CC-28158615A967}.Release|Any CPU.Build.0 = Release|Any CPU
		{F912F647-04A0-4081-91B4-985EE0E9097C}.Debug|Any CPU.ActiveCfg = Debug|Any CPU
		{F912F647-04A0-4081-91B4-985EE0E9097C}.Debug|Any CPU.Build.0 = Debug|Any CPU
		{F912F647-04A0-4081-91B4-985EE0E9097C}.Release|Any CPU.ActiveCfg = Release|Any CPU
		{F912F647-04A0-4081-91B4-985EE0E9097C}.Release|Any CPU.Build.0 = Release|Any CPU
		{B9C6B276-445A-400F-BE74-1E068F50A54D}.Debug|Any CPU.ActiveCfg = Debug|Any CPU
		{B9C6B276-445A-400F-BE74-1E068F50A54D}.Debug|Any CPU.Build.0 = Debug|Any CPU
		{B9C6B276-445A-400F-BE74-1E068F50A54D}.Release|Any CPU.ActiveCfg = Release|Any CPU
		{B9C6B276-445A-400F-BE74-1E068F50A54D}.Release|Any CPU.Build.0 = Release|Any CPU
		{BB08F673-1553-4A56-882A-A2A115AC06C2}.Debug|Any CPU.ActiveCfg = Debug|Any CPU
		{BB08F673-1553-4A56-882A-A2A115AC06C2}.Debug|Any CPU.Build.0 = Debug|Any CPU
		{BB08F673-1553-4A56-882A-A2A115AC06C2}.Release|Any CPU.ActiveCfg = Release|Any CPU
		{BB08F673-1553-4A56-882A-A2A115AC06C2}.Release|Any CPU.Build.0 = Release|Any CPU
		{2136C695-2526-45E0-AE1D-68FBBC6A9DE2}.Debug|Any CPU.ActiveCfg = Debug|Any CPU
		{2136C695-2526-45E0-AE1D-68FBBC6A9DE2}.Debug|Any CPU.Build.0 = Debug|Any CPU
		{2136C695-2526-45E0-AE1D-68FBBC6A9DE2}.Release|Any CPU.ActiveCfg = Release|Any CPU
		{2136C695-2526-45E0-AE1D-68FBBC6A9DE2}.Release|Any CPU.Build.0 = Release|Any CPU
		{3E3DCF83-1CA3-4C84-8807-DC72BD2AB5F0}.Debug|Any CPU.ActiveCfg = Debug|Any CPU
		{3E3DCF83-1CA3-4C84-8807-DC72BD2AB5F0}.Debug|Any CPU.Build.0 = Debug|Any CPU
		{3E3DCF83-1CA3-4C84-8807-DC72BD2AB5F0}.Release|Any CPU.ActiveCfg = Release|Any CPU
		{3E3DCF83-1CA3-4C84-8807-DC72BD2AB5F0}.Release|Any CPU.Build.0 = Release|Any CPU
	EndGlobalSection
	GlobalSection(SolutionProperties) = preSolution
		HideSolutionNode = FALSE
	EndGlobalSection
	GlobalSection(ExtensibilityGlobals) = postSolution
		SolutionGuid = {35671DC1-25B5-4FD5-B5D9-919C3E4A503C}
	EndGlobalSection
EndGlobal
