
Microsoft Visual Studio Solution File, Format Version 12.00
# Visual Studio 15
VisualStudioVersion = 15.0.26730.15
MinimumVisualStudioVersion = 10.0.40219.1
Project("{9A19103F-16F7-4668-BE54-9A1E7A4F7556}") = "WebDriver", "src\webdriver\WebDriver.csproj", "{ACCB2D1E-E2C9-4AC1-8EE3-6BF1C30AD713}"
EndProject
Project("{9A19103F-16F7-4668-BE54-9A1E7A4F7556}") = "Selenium.WebDriverBackedSelenium", "src\webdriverbackedselenium\Selenium.WebDriverBackedSelenium.csproj", "{55FB5C5F-AB40-4475-A40C-AE9EA8ED84C3}"
EndProject
Project("{9A19103F-16F7-4668-BE54-9A1E7A4F7556}") = "WebDriver.Support", "src\support\WebDriver.Support.csproj", "{2AF7986A-68F8-4EDE-9C44-1BD11ED2B329}"
EndProject
Project("{9A19103F-16F7-4668-BE54-9A1E7A4F7556}") = "WebDriver.Common.Tests", "test\common\WebDriver.Common.Tests.csproj", "{1869A2D9-3782-41E4-84DD-EB1A5E971C93}"
EndProject
Project("{9A19103F-16F7-4668-BE54-9A1E7A4F7556}") = "WebDriver.Chrome.Tests", "test\chrome\WebDriver.Chrome.Tests.csproj", "{F5751636-2F68-4BE3-B383-D4F4937A1946}"
EndProject
Project("{9A19103F-16F7-4668-BE54-9A1E7A4F7556}") = "WebDriver.Firefox.Tests", "test\firefox\WebDriver.Firefox.Tests.csproj", "{B9D05BD5-A6A3-4061-AC01-E80D35C57257}"
EndProject
Project("{9A19103F-16F7-4668-BE54-9A1E7A4F7556}") = "WebDriver.Edge.Tests", "test\edge\WebDriver.Edge.Tests.csproj", "{EF99FB04-94C3-4AA0-8809-B514B253DF51}"
EndProject
Project("{9A19103F-16F7-4668-BE54-9A1E7A4F7556}") = "WebDriver.IE.Tests", "test\ie\WebDriver.IE.Tests.csproj", "{8D8A71BB-2F7B-45B7-BA3A-DED941031BD8}"
EndProject
Project("{9A19103F-16F7-4668-BE54-9A1E7A4F7556}") = "WebDriver.PhantomJS.Tests", "test\phantomjs\WebDriver.PhantomJS.Tests.csproj", "{55E185D5-BA7A-4F5A-9212-535EA10B5BD4}"
EndProject
Project("{9A19103F-16F7-4668-BE54-9A1E7A4F7556}") = "WebDriver.Opera.Tests", "test\opera\WebDriver.Opera.Tests.csproj", "{C6CD9D25-75D2-4C7A-966A-EA2D26091DD1}"
EndProject
Project("{9A19103F-16F7-4668-BE54-9A1E7A4F7556}") = "WebDriver.Remote.Tests", "test\remote\WebDriver.Remote.Tests.csproj", "{6D785A70-F54E-4FA0-A91F-E99C93A1C279}"
EndProject
Project("{9A19103F-16F7-4668-BE54-9A1E7A4F7556}") = "WebDriver.Safari.Tests", "test\safari\WebDriver.Safari.Tests.csproj", "{D7F56A79-949C-4FCA-BDDF-6C6DD41C180A}"
EndProject
Project("{9A19103F-16F7-4668-BE54-9A1E7A4F7556}") = "Selenium.WebDriverBackedSelenium.Tests", "test\webdriverbackedselenium\Selenium.WebDriverBackedSelenium.Tests.csproj", "{0B74677F-F197-4940-8D34-31F96DBDF144}"
EndProject
Project("{9A19103F-16F7-4668-BE54-9A1E7A4F7556}") = "WebDriver.Support.Tests", "test\support\WebDriver.Support.Tests.csproj", "{A8C6842F-0E03-4FF5-841D-02BCEED4A0B0}"
EndProject
Global
	GlobalSection(SolutionConfigurationPlatforms) = preSolution
		Debug|Any CPU = Debug|Any CPU
		Release|Any CPU = Release|Any CPU
	EndGlobalSection
	GlobalSection(ProjectConfigurationPlatforms) = postSolution
		{ACCB2D1E-E2C9-4AC1-8EE3-6BF1C30AD713}.Debug|Any CPU.ActiveCfg = Debug|Any CPU
		{ACCB2D1E-E2C9-4AC1-8EE3-6BF1C30AD713}.Debug|Any CPU.Build.0 = Debug|Any CPU
		{ACCB2D1E-E2C9-4AC1-8EE3-6BF1C30AD713}.Release|Any CPU.ActiveCfg = Release|Any CPU
		{ACCB2D1E-E2C9-4AC1-8EE3-6BF1C30AD713}.Release|Any CPU.Build.0 = Release|Any CPU
		{55FB5C5F-AB40-4475-A40C-AE9EA8ED84C3}.Debug|Any CPU.ActiveCfg = Debug|Any CPU
		{55FB5C5F-AB40-4475-A40C-AE9EA8ED84C3}.Debug|Any CPU.Build.0 = Debug|Any CPU
		{55FB5C5F-AB40-4475-A40C-AE9EA8ED84C3}.Release|Any CPU.ActiveCfg = Release|Any CPU
		{55FB5C5F-AB40-4475-A40C-AE9EA8ED84C3}.Release|Any CPU.Build.0 = Release|Any CPU
		{2AF7986A-68F8-4EDE-9C44-1BD11ED2B329}.Debug|Any CPU.ActiveCfg = Debug|Any CPU
		{2AF7986A-68F8-4EDE-9C44-1BD11ED2B329}.Debug|Any CPU.Build.0 = Debug|Any CPU
		{2AF7986A-68F8-4EDE-9C44-1BD11ED2B329}.Release|Any CPU.ActiveCfg = Release|Any CPU
		{2AF7986A-68F8-4EDE-9C44-1BD11ED2B329}.Release|Any CPU.Build.0 = Release|Any CPU
		{1869A2D9-3782-41E4-84DD-EB1A5E971C93}.Debug|Any CPU.ActiveCfg = Debug|Any CPU
		{1869A2D9-3782-41E4-84DD-EB1A5E971C93}.Debug|Any CPU.Build.0 = Debug|Any CPU
		{1869A2D9-3782-41E4-84DD-EB1A5E971C93}.Release|Any CPU.ActiveCfg = Release|Any CPU
		{1869A2D9-3782-41E4-84DD-EB1A5E971C93}.Release|Any CPU.Build.0 = Release|Any CPU
		{F5751636-2F68-4BE3-B383-D4F4937A1946}.Debug|Any CPU.ActiveCfg = Debug|Any CPU
		{F5751636-2F68-4BE3-B383-D4F4937A1946}.Debug|Any CPU.Build.0 = Debug|Any CPU
		{F5751636-2F68-4BE3-B383-D4F4937A1946}.Release|Any CPU.ActiveCfg = Release|Any CPU
		{F5751636-2F68-4BE3-B383-D4F4937A1946}.Release|Any CPU.Build.0 = Release|Any CPU
		{B9D05BD5-A6A3-4061-AC01-E80D35C57257}.Debug|Any CPU.ActiveCfg = Debug|Any CPU
		{B9D05BD5-A6A3-4061-AC01-E80D35C57257}.Debug|Any CPU.Build.0 = Debug|Any CPU
		{B9D05BD5-A6A3-4061-AC01-E80D35C57257}.Release|Any CPU.ActiveCfg = Release|Any CPU
		{B9D05BD5-A6A3-4061-AC01-E80D35C57257}.Release|Any CPU.Build.0 = Release|Any CPU
		{EF99FB04-94C3-4AA0-8809-B514B253DF51}.Debug|Any CPU.ActiveCfg = Debug|Any CPU
		{EF99FB04-94C3-4AA0-8809-B514B253DF51}.Debug|Any CPU.Build.0 = Debug|Any CPU
		{EF99FB04-94C3-4AA0-8809-B514B253DF51}.Release|Any CPU.ActiveCfg = Release|Any CPU
		{EF99FB04-94C3-4AA0-8809-B514B253DF51}.Release|Any CPU.Build.0 = Release|Any CPU
		{8D8A71BB-2F7B-45B7-BA3A-DED941031BD8}.Debug|Any CPU.ActiveCfg = Debug|Any CPU
		{8D8A71BB-2F7B-45B7-BA3A-DED941031BD8}.Debug|Any CPU.Build.0 = Debug|Any CPU
		{8D8A71BB-2F7B-45B7-BA3A-DED941031BD8}.Release|Any CPU.ActiveCfg = Release|Any CPU
		{8D8A71BB-2F7B-45B7-BA3A-DED941031BD8}.Release|Any CPU.Build.0 = Release|Any CPU
		{55E185D5-BA7A-4F5A-9212-535EA10B5BD4}.Debug|Any CPU.ActiveCfg = Debug|Any CPU
		{55E185D5-BA7A-4F5A-9212-535EA10B5BD4}.Debug|Any CPU.Build.0 = Debug|Any CPU
		{55E185D5-BA7A-4F5A-9212-535EA10B5BD4}.Release|Any CPU.ActiveCfg = Release|Any CPU
		{55E185D5-BA7A-4F5A-9212-535EA10B5BD4}.Release|Any CPU.Build.0 = Release|Any CPU
		{C6CD9D25-75D2-4C7A-966A-EA2D26091DD1}.Debug|Any CPU.ActiveCfg = Debug|Any CPU
		{C6CD9D25-75D2-4C7A-966A-EA2D26091DD1}.Debug|Any CPU.Build.0 = Debug|Any CPU
		{C6CD9D25-75D2-4C7A-966A-EA2D26091DD1}.Release|Any CPU.ActiveCfg = Release|Any CPU
		{C6CD9D25-75D2-4C7A-966A-EA2D26091DD1}.Release|Any CPU.Build.0 = Release|Any CPU
		{6D785A70-F54E-4FA0-A91F-E99C93A1C279}.Debug|Any CPU.ActiveCfg = Debug|Any CPU
		{6D785A70-F54E-4FA0-A91F-E99C93A1C279}.Debug|Any CPU.Build.0 = Debug|Any CPU
		{6D785A70-F54E-4FA0-A91F-E99C93A1C279}.Release|Any CPU.ActiveCfg = Release|Any CPU
		{6D785A70-F54E-4FA0-A91F-E99C93A1C279}.Release|Any CPU.Build.0 = Release|Any CPU
		{D7F56A79-949C-4FCA-BDDF-6C6DD41C180A}.Debug|Any CPU.ActiveCfg = Debug|Any CPU
		{D7F56A79-949C-4FCA-BDDF-6C6DD41C180A}.Debug|Any CPU.Build.0 = Debug|Any CPU
		{D7F56A79-949C-4FCA-BDDF-6C6DD41C180A}.Release|Any CPU.ActiveCfg = Release|Any CPU
		{D7F56A79-949C-4FCA-BDDF-6C6DD41C180A}.Release|Any CPU.Build.0 = Release|Any CPU
		{0B74677F-F197-4940-8D34-31F96DBDF144}.Debug|Any CPU.ActiveCfg = Debug|Any CPU
		{0B74677F-F197-4940-8D34-31F96DBDF144}.Debug|Any CPU.Build.0 = Debug|Any CPU
		{0B74677F-F197-4940-8D34-31F96DBDF144}.Release|Any CPU.ActiveCfg = Release|Any CPU
		{0B74677F-F197-4940-8D34-31F96DBDF144}.Release|Any CPU.Build.0 = Release|Any CPU
		{A8C6842F-0E03-4FF5-841D-02BCEED4A0B0}.Debug|Any CPU.ActiveCfg = Debug|Any CPU
		{A8C6842F-0E03-4FF5-841D-02BCEED4A0B0}.Debug|Any CPU.Build.0 = Debug|Any CPU
		{A8C6842F-0E03-4FF5-841D-02BCEED4A0B0}.Release|Any CPU.ActiveCfg = Release|Any CPU
		{A8C6842F-0E03-4FF5-841D-02BCEED4A0B0}.Release|Any CPU.Build.0 = Release|Any CPU
	EndGlobalSection
	GlobalSection(SolutionProperties) = preSolution
		HideSolutionNode = FALSE
	EndGlobalSection
	GlobalSection(ExtensibilityGlobals) = postSolution
		SolutionGuid = {35671DC1-25B5-4FD5-B5D9-919C3E4A503C}
	EndGlobalSection
EndGlobal
