// !$*UTF8*$!
{
	archiveVersion = 1;
	classes = {
	};
	objectVersion = 45;
	objects = {

/* Begin PBXAggregateTarget section */
		53F8A8380E571AAF00355C72 /* Documentation */ = {
			isa = PBXAggregateTarget;
			buildConfigurationList = 53F8A83B0E571ACE00355C72 /* Build configuration list for PBXAggregateTarget "Documentation" */;
			buildPhases = (
				53F8A8370E571AAF00355C72 /* Generate & install docset */,
			);
			dependencies = (
			);
			name = Documentation;
			productName = Documentation;
		};
/* End PBXAggregateTarget section */

/* Begin PBXBuildFile section */
		539191D20DBB896D00714DA2 /* SBJSON.h in Headers */ = {isa = PBXBuildFile; fileRef = 539191D00DBB896D00714DA2 /* SBJSON.h */; settings = {ATTRIBUTES = (Private, ); }; };
		539191D30DBB896D00714DA2 /* SBJSON.m in Sources */ = {isa = PBXBuildFile; fileRef = 539191D10DBB896D00714DA2 /* SBJSON.m */; };
		539191D40DBB896D00714DA2 /* SBJSON.h in Headers */ = {isa = PBXBuildFile; fileRef = 539191D00DBB896D00714DA2 /* SBJSON.h */; settings = {ATTRIBUTES = (Private, ); }; };
		539191D50DBB896D00714DA2 /* SBJSON.m in Sources */ = {isa = PBXBuildFile; fileRef = 539191D10DBB896D00714DA2 /* SBJSON.m */; };
		53C45B9C0C98A87600546F66 /* Errors.m in Sources */ = {isa = PBXBuildFile; fileRef = 53C45B9B0C98A87600546F66 /* Errors.m */; };
		53D2299C0C96129800276605 /* JSON.h in Headers */ = {isa = PBXBuildFile; fileRef = 53D2299A0C96129800276605 /* JSON.h */; settings = {ATTRIBUTES = (Public, ); }; };
		53D229A20C9612E000276605 /* Types.m in Sources */ = {isa = PBXBuildFile; fileRef = 53D229A10C9612E000276605 /* Types.m */; };
		53D229AD0C961B9900276605 /* JSON.framework in Frameworks */ = {isa = PBXBuildFile; fileRef = 53D229810C96121600276605 /* JSON.framework */; };
		53EF4D4E0DC2483C005F5E6D /* bench.m in Sources */ = {isa = PBXBuildFile; fileRef = 53EF4D4D0DC2483C005F5E6D /* bench.m */; };
		53EF4F9F0DC52FEB005F5E6D /* libjson.a in Frameworks */ = {isa = PBXBuildFile; fileRef = FE2BBD800D8B0D3900184787 /* libjson.a */; };
		53F8A8150E57158200355C72 /* libjson.a in Frameworks */ = {isa = PBXBuildFile; fileRef = FE2BBD800D8B0D3900184787 /* libjson.a */; };
		E7153EE90CAAABDB00054ADB /* Pretty.m in Sources */ = {isa = PBXBuildFile; fileRef = E7153EE80CAAABDB00054ADB /* Pretty.m */; };
		E75716450C96DB530084A449 /* NSObject+SBJSON.h in Headers */ = {isa = PBXBuildFile; fileRef = E75716430C96DB530084A449 /* NSObject+SBJSON.h */; settings = {ATTRIBUTES = (Private, ); }; };
		E75716460C96DB530084A449 /* NSObject+SBJSON.m in Sources */ = {isa = PBXBuildFile; fileRef = E75716440C96DB530084A449 /* NSObject+SBJSON.m */; };
		E757164D0C96E39B0084A449 /* NSString+SBJSON.h in Headers */ = {isa = PBXBuildFile; fileRef = E757164B0C96E39B0084A449 /* NSString+SBJSON.h */; settings = {ATTRIBUTES = (Private, ); }; };
		E757164E0C96E39B0084A449 /* NSString+SBJSON.m in Sources */ = {isa = PBXBuildFile; fileRef = E757164C0C96E39B0084A449 /* NSString+SBJSON.m */; };
		E76A1EBD0C996EFD00A0CC83 /* Examples.m in Sources */ = {isa = PBXBuildFile; fileRef = E76A1EB60C996C2000A0CC83 /* Examples.m */; };
		FE2BBD860D8B0D6000184787 /* JSON.h in Headers */ = {isa = PBXBuildFile; fileRef = 53D2299A0C96129800276605 /* JSON.h */; settings = {ATTRIBUTES = (Public, ); }; };
		FE2BBD870D8B0D6000184787 /* NSObject+SBJSON.h in Headers */ = {isa = PBXBuildFile; fileRef = E75716430C96DB530084A449 /* NSObject+SBJSON.h */; settings = {ATTRIBUTES = (Private, ); }; };
		FE2BBD880D8B0D6000184787 /* NSObject+SBJSON.m in Sources */ = {isa = PBXBuildFile; fileRef = E75716440C96DB530084A449 /* NSObject+SBJSON.m */; };
		FE2BBD8B0D8B0D6000184787 /* NSString+SBJSON.h in Headers */ = {isa = PBXBuildFile; fileRef = E757164B0C96E39B0084A449 /* NSString+SBJSON.h */; settings = {ATTRIBUTES = (Private, ); }; };
		FE2BBD8C0D8B0D6000184787 /* NSString+SBJSON.m in Sources */ = {isa = PBXBuildFile; fileRef = E757164C0C96E39B0084A449 /* NSString+SBJSON.m */; };
		FE2BBDB50D8B0F1D00184787 /* Types.m in Sources */ = {isa = PBXBuildFile; fileRef = 53D229A10C9612E000276605 /* Types.m */; };
		FE2BBDB60D8B0F1D00184787 /* Examples.m in Sources */ = {isa = PBXBuildFile; fileRef = E76A1EB60C996C2000A0CC83 /* Examples.m */; };
		FE2BBDB70D8B0F1D00184787 /* Errors.m in Sources */ = {isa = PBXBuildFile; fileRef = 53C45B9B0C98A87600546F66 /* Errors.m */; };
		FE2BBDB80D8B0F1D00184787 /* Pretty.m in Sources */ = {isa = PBXBuildFile; fileRef = E7153EE80CAAABDB00054ADB /* Pretty.m */; };
/* End PBXBuildFile section */

/* Begin PBXContainerItemProxy section */
		53D229920C96122E00276605 /* PBXContainerItemProxy */ = {
			isa = PBXContainerItemProxy;
			containerPortal = 53D229730C9611FF00276605 /* Project object */;
			proxyType = 1;
			remoteGlobalIDString = 53D229800C96121600276605;
			remoteInfo = JSON;
		};
		53EF4F960DC52FD0005F5E6D /* PBXContainerItemProxy */ = {
			isa = PBXContainerItemProxy;
			containerPortal = 53D229730C9611FF00276605 /* Project object */;
			proxyType = 1;
			remoteGlobalIDString = FE2BBD7F0D8B0D3900184787;
			remoteInfo = json;
		};
		FE2BBDB30D8B0F0F00184787 /* PBXContainerItemProxy */ = {
			isa = PBXContainerItemProxy;
			containerPortal = 53D229730C9611FF00276605 /* Project object */;
			proxyType = 1;
			remoteGlobalIDString = FE2BBD7F0D8B0D3900184787;
			remoteInfo = json;
		};
/* End PBXContainerItemProxy section */

/* Begin PBXFileReference section */
		5355C86B0E392B2A00A18C15 /* Errors.h */ = {isa = PBXFileReference; fileEncoding = 4; lastKnownFileType = sourcecode.c.h; path = Errors.h; sourceTree = "<group>"; };
		5355C86C0E392B2A00A18C15 /* Examples.h */ = {isa = PBXFileReference; fileEncoding = 4; lastKnownFileType = sourcecode.c.h; path = Examples.h; sourceTree = "<group>"; };
		5355C86D0E392B2A00A18C15 /* Pretty.h */ = {isa = PBXFileReference; fileEncoding = 4; lastKnownFileType = sourcecode.c.h; path = Pretty.h; sourceTree = "<group>"; };
		5355C86E0E392B2A00A18C15 /* Types.h */ = {isa = PBXFileReference; fileEncoding = 4; lastKnownFileType = sourcecode.c.h; path = Types.h; sourceTree = "<group>"; };
		539191D00DBB896D00714DA2 /* SBJSON.h */ = {isa = PBXFileReference; fileEncoding = 4; lastKnownFileType = sourcecode.c.h; path = SBJSON.h; sourceTree = "<group>"; };
		539191D10DBB896D00714DA2 /* SBJSON.m */ = {isa = PBXFileReference; fileEncoding = 4; lastKnownFileType = sourcecode.c.objc; path = SBJSON.m; sourceTree = "<group>"; };
		53C45B9B0C98A87600546F66 /* Errors.m */ = {isa = PBXFileReference; fileEncoding = 4; lastKnownFileType = sourcecode.c.objc; path = Errors.m; sourceTree = "<group>"; };
		53D229810C96121600276605 /* JSON.framework */ = {isa = PBXFileReference; explicitFileType = wrapper.framework; includeInIndex = 0; path = JSON.framework; sourceTree = BUILT_PRODUCTS_DIR; };
		53D229830C96121600276605 /* JSON-Info.plist */ = {isa = PBXFileReference; lastKnownFileType = text.plist.xml; path = "JSON-Info.plist"; sourceTree = "<group>"; };
		53D2298D0C96122A00276605 /* Tests.octest */ = {isa = PBXFileReference; explicitFileType = wrapper.cfbundle; includeInIndex = 0; path = Tests.octest; sourceTree = BUILT_PRODUCTS_DIR; };
		53D2298E0C96122A00276605 /* Tests-Info.plist */ = {isa = PBXFileReference; lastKnownFileType = text.plist.xml; path = "Tests-Info.plist"; sourceTree = "<group>"; };
		53D2299A0C96129800276605 /* JSON.h */ = {isa = PBXFileReference; fileEncoding = 4; lastKnownFileType = sourcecode.c.h; path = JSON.h; sourceTree = "<group>"; };
		53D229A10C9612E000276605 /* Types.m */ = {isa = PBXFileReference; fileEncoding = 4; lastKnownFileType = sourcecode.c.objc; path = Types.m; sourceTree = "<group>"; };
		53EF4D400DC247B3005F5E6D /* bench */ = {isa = PBXFileReference; explicitFileType = "compiled.mach-o.executable"; includeInIndex = 0; path = bench; sourceTree = BUILT_PRODUCTS_DIR; };
		53EF4D4D0DC2483C005F5E6D /* bench.m */ = {isa = PBXFileReference; fileEncoding = 4; lastKnownFileType = sourcecode.c.objc; path = bench.m; sourceTree = "<group>"; };
		E7153EE80CAAABDB00054ADB /* Pretty.m */ = {isa = PBXFileReference; fileEncoding = 4; lastKnownFileType = sourcecode.c.objc; path = Pretty.m; sourceTree = "<group>"; };
		E75716430C96DB530084A449 /* NSObject+SBJSON.h */ = {isa = PBXFileReference; fileEncoding = 4; lastKnownFileType = sourcecode.c.h; path = "NSObject+SBJSON.h"; sourceTree = "<group>"; };
		E75716440C96DB530084A449 /* NSObject+SBJSON.m */ = {isa = PBXFileReference; fileEncoding = 4; lastKnownFileType = sourcecode.c.objc; path = "NSObject+SBJSON.m"; sourceTree = "<group>"; };
		E757164B0C96E39B0084A449 /* NSString+SBJSON.h */ = {isa = PBXFileReference; fileEncoding = 4; lastKnownFileType = sourcecode.c.h; path = "NSString+SBJSON.h"; sourceTree = "<group>"; };
		E757164C0C96E39B0084A449 /* NSString+SBJSON.m */ = {isa = PBXFileReference; fileEncoding = 4; lastKnownFileType = sourcecode.c.objc; path = "NSString+SBJSON.m"; sourceTree = "<group>"; };
		E76A1EB60C996C2000A0CC83 /* Examples.m */ = {isa = PBXFileReference; fileEncoding = 4; lastKnownFileType = sourcecode.c.objc; path = Examples.m; sourceTree = "<group>"; };
		FE2BBD800D8B0D3900184787 /* libjson.a */ = {isa = PBXFileReference; explicitFileType = archive.ar; includeInIndex = 0; path = libjson.a; sourceTree = BUILT_PRODUCTS_DIR; };
		FE2BBDAB0D8B0EE000184787 /* libjsontests.octest */ = {isa = PBXFileReference; explicitFileType = wrapper.cfbundle; includeInIndex = 0; path = libjsontests.octest; sourceTree = BUILT_PRODUCTS_DIR; };
		FE2BBDAC0D8B0EE100184787 /* libjsontests-Info.plist */ = {isa = PBXFileReference; lastKnownFileType = text.plist.xml; path = "libjsontests-Info.plist"; sourceTree = "<group>"; };
/* End PBXFileReference section */

/* Begin PBXFrameworksBuildPhase section */
		53D2297F0C96121600276605 /* Frameworks */ = {
			isa = PBXFrameworksBuildPhase;
			buildActionMask = 2147483647;
			files = (
			);
			runOnlyForDeploymentPostprocessing = 0;
		};
		53D2298A0C96122A00276605 /* Frameworks */ = {
			isa = PBXFrameworksBuildPhase;
			buildActionMask = 2147483647;
			files = (
				53D229AD0C961B9900276605 /* JSON.framework in Frameworks */,
			);
			runOnlyForDeploymentPostprocessing = 0;
		};
		53EF4D3E0DC247B3005F5E6D /* Frameworks */ = {
			isa = PBXFrameworksBuildPhase;
			buildActionMask = 2147483647;
			files = (
				53EF4F9F0DC52FEB005F5E6D /* libjson.a in Frameworks */,
			);
			runOnlyForDeploymentPostprocessing = 0;
		};
		FE2BBD7E0D8B0D3900184787 /* Frameworks */ = {
			isa = PBXFrameworksBuildPhase;
			buildActionMask = 2147483647;
			files = (
			);
			runOnlyForDeploymentPostprocessing = 0;
		};
		FE2BBDA80D8B0EE000184787 /* Frameworks */ = {
			isa = PBXFrameworksBuildPhase;
			buildActionMask = 2147483647;
			files = (
				53F8A8150E57158200355C72 /* libjson.a in Frameworks */,
			);
			runOnlyForDeploymentPostprocessing = 0;
		};
/* End PBXFrameworksBuildPhase section */

/* Begin PBXGroup section */
		53D229710C9611FF00276605 = {
			isa = PBXGroup;
			children = (
				53EF4D4B0DC247E5005F5E6D /* Other Sources */,
				53D229950C96123C00276605 /* Classes */,
				53D229960C96124500276605 /* Tests */,
				53D229820C96121600276605 /* Products */,
				53D229830C96121600276605 /* JSON-Info.plist */,
				53D2298E0C96122A00276605 /* Tests-Info.plist */,
				FE2BBDAC0D8B0EE100184787 /* libjsontests-Info.plist */,
			);
			sourceTree = "<group>";
		};
		53D229820C96121600276605 /* Products */ = {
			isa = PBXGroup;
			children = (
				53D229810C96121600276605 /* JSON.framework */,
				53D2298D0C96122A00276605 /* Tests.octest */,
				FE2BBD800D8B0D3900184787 /* libjson.a */,
				FE2BBDAB0D8B0EE000184787 /* libjsontests.octest */,
				53EF4D400DC247B3005F5E6D /* bench */,
			);
			name = Products;
			sourceTree = "<group>";
		};
		53D229950C96123C00276605 /* Classes */ = {
			isa = PBXGroup;
			children = (
				53D2299A0C96129800276605 /* JSON.h */,
				539191D00DBB896D00714DA2 /* SBJSON.h */,
				539191D10DBB896D00714DA2 /* SBJSON.m */,
				E75716430C96DB530084A449 /* NSObject+SBJSON.h */,
				E75716440C96DB530084A449 /* NSObject+SBJSON.m */,
				E757164B0C96E39B0084A449 /* NSString+SBJSON.h */,
				E757164C0C96E39B0084A449 /* NSString+SBJSON.m */,
			);
			name = Classes;
			path = Source;
			sourceTree = "<group>";
		};
		53D229960C96124500276605 /* Tests */ = {
			isa = PBXGroup;
			children = (
				5355C86B0E392B2A00A18C15 /* Errors.h */,
				53C45B9B0C98A87600546F66 /* Errors.m */,
				5355C86C0E392B2A00A18C15 /* Examples.h */,
				E76A1EB60C996C2000A0CC83 /* Examples.m */,
				5355C86E0E392B2A00A18C15 /* Types.h */,
				53D229A10C9612E000276605 /* Types.m */,
				5355C86D0E392B2A00A18C15 /* Pretty.h */,
				E7153EE80CAAABDB00054ADB /* Pretty.m */,
			);
			path = Tests;
			sourceTree = "<group>";
		};
		53EF4D4B0DC247E5005F5E6D /* Other Sources */ = {
			isa = PBXGroup;
			children = (
				53EF4D4D0DC2483C005F5E6D /* bench.m */,
			);
			name = "Other Sources";
			sourceTree = "<group>";
		};
/* End PBXGroup section */

/* Begin PBXHeadersBuildPhase section */
		53D2297C0C96121600276605 /* Headers */ = {
			isa = PBXHeadersBuildPhase;
			buildActionMask = 2147483647;
			files = (
				53D2299C0C96129800276605 /* JSON.h in Headers */,
				E75716450C96DB530084A449 /* NSObject+SBJSON.h in Headers */,
				E757164D0C96E39B0084A449 /* NSString+SBJSON.h in Headers */,
				539191D20DBB896D00714DA2 /* SBJSON.h in Headers */,
			);
			runOnlyForDeploymentPostprocessing = 0;
		};
		FE2BBD7C0D8B0D3900184787 /* Headers */ = {
			isa = PBXHeadersBuildPhase;
			buildActionMask = 2147483647;
			files = (
				FE2BBD860D8B0D6000184787 /* JSON.h in Headers */,
				FE2BBD870D8B0D6000184787 /* NSObject+SBJSON.h in Headers */,
				FE2BBD8B0D8B0D6000184787 /* NSString+SBJSON.h in Headers */,
				539191D40DBB896D00714DA2 /* SBJSON.h in Headers */,
			);
			runOnlyForDeploymentPostprocessing = 0;
		};
/* End PBXHeadersBuildPhase section */

/* Begin PBXNativeTarget section */
		53D229800C96121600276605 /* JSON */ = {
			isa = PBXNativeTarget;
			buildConfigurationList = 53D229850C96121700276605 /* Build configuration list for PBXNativeTarget "JSON" */;
			buildPhases = (
				53D2297C0C96121600276605 /* Headers */,
				53D2297D0C96121600276605 /* Resources */,
				53D2297E0C96121600276605 /* Sources */,
				53D2297F0C96121600276605 /* Frameworks */,
			);
			buildRules = (
			);
			dependencies = (
			);
			name = JSON;
			productName = JSON;
			productReference = 53D229810C96121600276605 /* JSON.framework */;
			productType = "com.apple.product-type.framework";
		};
		53D2298C0C96122A00276605 /* Tests */ = {
			isa = PBXNativeTarget;
			buildConfigurationList = 53D2298F0C96122A00276605 /* Build configuration list for PBXNativeTarget "Tests" */;
			buildPhases = (
				53D229880C96122A00276605 /* Resources */,
				53D229890C96122A00276605 /* Sources */,
				53D2298A0C96122A00276605 /* Frameworks */,
				53D2298B0C96122A00276605 /* ShellScript */,
			);
			buildRules = (
			);
			dependencies = (
				53D229930C96122E00276605 /* PBXTargetDependency */,
			);
			name = Tests;
			productName = Tests;
			productReference = 53D2298D0C96122A00276605 /* Tests.octest */;
			productType = "com.apple.product-type.bundle";
		};
		53EF4D3F0DC247B3005F5E6D /* bench */ = {
			isa = PBXNativeTarget;
			buildConfigurationList = 53EF4D4C0DC247E5005F5E6D /* Build configuration list for PBXNativeTarget "bench" */;
			buildPhases = (
				53EF4D3D0DC247B3005F5E6D /* Sources */,
				53EF4D3E0DC247B3005F5E6D /* Frameworks */,
			);
			buildRules = (
			);
			dependencies = (
				53EF4F970DC52FD0005F5E6D /* PBXTargetDependency */,
			);
			name = bench;
			productName = bench;
			productReference = 53EF4D400DC247B3005F5E6D /* bench */;
			productType = "com.apple.product-type.tool";
		};
		FE2BBD7F0D8B0D3900184787 /* libjson */ = {
			isa = PBXNativeTarget;
			buildConfigurationList = FE2BBD950D8B0DC900184787 /* Build configuration list for PBXNativeTarget "libjson" */;
			buildPhases = (
				FE2BBD7C0D8B0D3900184787 /* Headers */,
				FE2BBD7D0D8B0D3900184787 /* Sources */,
				FE2BBD7E0D8B0D3900184787 /* Frameworks */,
			);
			buildRules = (
			);
			dependencies = (
			);
			name = libjson;
			productName = json;
			productReference = FE2BBD800D8B0D3900184787 /* libjson.a */;
			productType = "com.apple.product-type.library.static";
		};
		FE2BBDAA0D8B0EE000184787 /* libjsontests */ = {
			isa = PBXNativeTarget;
			buildConfigurationList = FE2BBDAF0D8B0EE100184787 /* Build configuration list for PBXNativeTarget "libjsontests" */;
			buildPhases = (
				FE2BBDA60D8B0EE000184787 /* Resources */,
				FE2BBDA70D8B0EE000184787 /* Sources */,
				FE2BBDA80D8B0EE000184787 /* Frameworks */,
				FE2BBDA90D8B0EE000184787 /* ShellScript */,
			);
			buildRules = (
			);
			dependencies = (
				FE2BBDB40D8B0F0F00184787 /* PBXTargetDependency */,
			);
			name = libjsontests;
			productName = libjsontests;
			productReference = FE2BBDAB0D8B0EE000184787 /* libjsontests.octest */;
			productType = "com.apple.product-type.bundle";
		};
/* End PBXNativeTarget section */

/* Begin PBXProject section */
		53D229730C9611FF00276605 /* Project object */ = {
			isa = PBXProject;
			buildConfigurationList = 53D229740C9611FF00276605 /* Build configuration list for PBXProject "JSON" */;
			compatibilityVersion = "Xcode 3.1";
			hasScannedForEncodings = 0;
			mainGroup = 53D229710C9611FF00276605;
			productRefGroup = 53D229820C96121600276605 /* Products */;
			projectDirPath = "";
			projectRoot = "";
			targets = (
				53D229800C96121600276605 /* JSON */,
				53D2298C0C96122A00276605 /* Tests */,
				FE2BBD7F0D8B0D3900184787 /* libjson */,
				FE2BBDAA0D8B0EE000184787 /* libjsontests */,
				53EF4D3F0DC247B3005F5E6D /* bench */,
				53F8A8380E571AAF00355C72 /* Documentation */,
			);
		};
/* End PBXProject section */

/* Begin PBXResourcesBuildPhase section */
		53D2297D0C96121600276605 /* Resources */ = {
			isa = PBXResourcesBuildPhase;
			buildActionMask = 2147483647;
			files = (
			);
			runOnlyForDeploymentPostprocessing = 0;
		};
		53D229880C96122A00276605 /* Resources */ = {
			isa = PBXResourcesBuildPhase;
			buildActionMask = 2147483647;
			files = (
			);
			runOnlyForDeploymentPostprocessing = 0;
		};
		FE2BBDA60D8B0EE000184787 /* Resources */ = {
			isa = PBXResourcesBuildPhase;
			buildActionMask = 2147483647;
			files = (
			);
			runOnlyForDeploymentPostprocessing = 0;
		};
/* End PBXResourcesBuildPhase section */

/* Begin PBXShellScriptBuildPhase section */
		53D2298B0C96122A00276605 /* ShellScript */ = {
			isa = PBXShellScriptBuildPhase;
			buildActionMask = 2147483647;
			files = (
			);
			inputPaths = (
			);
			outputPaths = (
			);
			runOnlyForDeploymentPostprocessing = 0;
			shellPath = /bin/sh;
			shellScript = "# Run the unit tests in this test bundle.\n\"${SYSTEM_DEVELOPER_DIR}/Tools/RunUnitTests\"\n";
		};
		53F8A8370E571AAF00355C72 /* Generate & install docset */ = {
			isa = PBXShellScriptBuildPhase;
			buildActionMask = 2147483647;
			files = (
			);
			inputPaths = (
			);
			name = "Generate & install docset";
			outputPaths = (
			);
			runOnlyForDeploymentPostprocessing = 0;
			shellPath = /bin/sh;
			shellScript = "# See also http://developer.apple.com/tools/creatingdocsetswithdoxygen.html \n\nVERS=$(agvtool mvers -terse1)\n\nDOXYFILE=$DERIVED_FILES_DIR/Doxyfile\nDOXYGEN=/Applications/Doxygen.app/Contents/Resources/doxygen\nDOCSET=$DSTROOT/Documentation\n\nmkdir -p $DERIVED_FILES_DIR || exit 1\nmkdir -p $DOCSET || exit 1\n\nif ! test -x $DOXYGEN ; then\n\tDOXYGEN=`which doxygen`;\nfi\n\nif ! test -x $DOXYGEN ; then\n\techo \"*** Install Doxygen to get documentatino generated for you automatically ***\"\n\texit 0\nfi\n\n\n# Check that doxygen is present\ntest -f $DOXYGEN || exit 1\n\n# Create a doxygen configuration file with only the settings we care about\n\ncat <<EOF > $DOXYFILE\n\nPROJECT_NAME           = $FULL_PRODUCT_NAME\nPROJECT_NUMBER         = $VERS\nOUTPUT_DIRECTORY       = $DOCSET\nINPUT                  = $SOURCE_ROOT/Source $SOURCE_ROOT/Docs\nFILE_PATTERNS          = *.h *.m *.doxygen\n\nHIDE_UNDOC_MEMBERS     = YES\nHIDE_UNDOC_CLASSES     = YES\nHIDE_UNDOC_RELATIONS   = YES\nREPEAT_BRIEF           = NO\n\nGENERATE_LATEX         = NO\nGENERATE_HTML          = YES\nGENERATE_DOCSET        = YES\nDOCSET_FEEDNAME        = \"brautaset.org $PROJECT Documentation\"\nDOCSET_BUNDLE_ID       = org.brautaset.$PROJECT\n\nQUIET                  = NO\n\nEOF\n\n#  Run doxygen on the updated config file.\n#  doxygen creates a Makefile that does most of the heavy lifting.\n\n$DOXYGEN $DOXYFILE\n\n\n#  make will invoke docsetutil. Take a look at the Makefile to see how this is done.\nmake -C $DOCSET/html install\n\n#  Construct a temporary applescript file to tell Xcode to load a docset.\nrm -f $TEMP_DIR/loadDocSet.scpt\n\ncat <<EOF > $TEMP_DIR/loadDocSet.scpt\ntell application \"Xcode\"\n\tload documentation set with path \"/Users/$USER/Library/Developer/Shared/Documentation/DocSets/org.brautaset.${PROJECT}.docset/\"\nend tell\nEOF\n\n# Run the load-docset applescript command.\nosascript $TEMP_DIR/loadDocSet.scpt\n\n";
		};
		FE2BBDA90D8B0EE000184787 /* ShellScript */ = {
			isa = PBXShellScriptBuildPhase;
			buildActionMask = 2147483647;
			files = (
			);
			inputPaths = (
			);
			outputPaths = (
			);
			runOnlyForDeploymentPostprocessing = 0;
			shellPath = /bin/sh;
			shellScript = "# Run the unit tests in this test bundle.\n\"${SYSTEM_DEVELOPER_DIR}/Tools/RunUnitTests\"\n";
		};
/* End PBXShellScriptBuildPhase section */

/* Begin PBXSourcesBuildPhase section */
		53D2297E0C96121600276605 /* Sources */ = {
			isa = PBXSourcesBuildPhase;
			buildActionMask = 2147483647;
			files = (
				E75716460C96DB530084A449 /* NSObject+SBJSON.m in Sources */,
				E757164E0C96E39B0084A449 /* NSString+SBJSON.m in Sources */,
				539191D30DBB896D00714DA2 /* SBJSON.m in Sources */,
			);
			runOnlyForDeploymentPostprocessing = 0;
		};
		53D229890C96122A00276605 /* Sources */ = {
			isa = PBXSourcesBuildPhase;
			buildActionMask = 2147483647;
			files = (
				53D229A20C9612E000276605 /* Types.m in Sources */,
				53C45B9C0C98A87600546F66 /* Errors.m in Sources */,
				E76A1EBD0C996EFD00A0CC83 /* Examples.m in Sources */,
				E7153EE90CAAABDB00054ADB /* Pretty.m in Sources */,
			);
			runOnlyForDeploymentPostprocessing = 0;
		};
		53EF4D3D0DC247B3005F5E6D /* Sources */ = {
			isa = PBXSourcesBuildPhase;
			buildActionMask = 2147483647;
			files = (
				53EF4D4E0DC2483C005F5E6D /* bench.m in Sources */,
			);
			runOnlyForDeploymentPostprocessing = 0;
		};
		FE2BBD7D0D8B0D3900184787 /* Sources */ = {
			isa = PBXSourcesBuildPhase;
			buildActionMask = 2147483647;
			files = (
				FE2BBD880D8B0D6000184787 /* NSObject+SBJSON.m in Sources */,
				FE2BBD8C0D8B0D6000184787 /* NSString+SBJSON.m in Sources */,
				539191D50DBB896D00714DA2 /* SBJSON.m in Sources */,
			);
			runOnlyForDeploymentPostprocessing = 0;
		};
		FE2BBDA70D8B0EE000184787 /* Sources */ = {
			isa = PBXSourcesBuildPhase;
			buildActionMask = 2147483647;
			files = (
				FE2BBDB50D8B0F1D00184787 /* Types.m in Sources */,
				FE2BBDB60D8B0F1D00184787 /* Examples.m in Sources */,
				FE2BBDB70D8B0F1D00184787 /* Errors.m in Sources */,
				FE2BBDB80D8B0F1D00184787 /* Pretty.m in Sources */,
			);
			runOnlyForDeploymentPostprocessing = 0;
		};
/* End PBXSourcesBuildPhase section */

/* Begin PBXTargetDependency section */
		53D229930C96122E00276605 /* PBXTargetDependency */ = {
			isa = PBXTargetDependency;
			target = 53D229800C96121600276605 /* JSON */;
			targetProxy = 53D229920C96122E00276605 /* PBXContainerItemProxy */;
		};
		53EF4F970DC52FD0005F5E6D /* PBXTargetDependency */ = {
			isa = PBXTargetDependency;
			target = FE2BBD7F0D8B0D3900184787 /* libjson */;
			targetProxy = 53EF4F960DC52FD0005F5E6D /* PBXContainerItemProxy */;
		};
		FE2BBDB40D8B0F0F00184787 /* PBXTargetDependency */ = {
			isa = PBXTargetDependency;
			target = FE2BBD7F0D8B0D3900184787 /* libjson */;
			targetProxy = FE2BBDB30D8B0F0F00184787 /* PBXContainerItemProxy */;
		};
/* End PBXTargetDependency section */

/* Begin XCBuildConfiguration section */
		53D229750C9611FF00276605 /* Debug */ = {
			isa = XCBuildConfiguration;
			buildSettings = {
				ARCHS = "$(ARCHS_STANDARD_32_64_BIT)";
				COPY_PHASE_STRIP = NO;
				ONLY_ACTIVE_ARCH = YES;
			};
			name = Debug;
		};
		53D229760C9611FF00276605 /* Release */ = {
			isa = XCBuildConfiguration;
			buildSettings = {
				ARCHS = "$(ARCHS_STANDARD_32_BIT)";
				COPY_PHASE_STRIP = YES;
			};
			name = Release;
		};
		53D229860C96121700276605 /* Debug */ = {
			isa = XCBuildConfiguration;
			buildSettings = {
				ARCHS = "$(ARCHS_STANDARD_32_64_BIT)";
				CURRENT_PROJECT_VERSION = 6;
				DYLIB_COMPATIBILITY_VERSION = 4;
				DYLIB_CURRENT_VERSION = 6;
				FRAMEWORK_VERSION = A;
				GCC_C_LANGUAGE_STANDARD = gnu99;
				GCC_DYNAMIC_NO_PIC = NO;
				GCC_ENABLE_FIX_AND_CONTINUE = YES;
				GCC_ENABLE_OBJC_GC = supported;
				GCC_GENERATE_DEBUGGING_SYMBOLS = YES;
				GCC_MODEL_TUNING = G5;
				GCC_OPTIMIZATION_LEVEL = 0;
				GCC_PRECOMPILE_PREFIX_HEADER = YES;
				GCC_PREFIX_HEADER = "$(SYSTEM_LIBRARY_DIR)/Frameworks/Foundation.framework/Headers/Foundation.h";
				INFOPLIST_FILE = "JSON-Info.plist";
				INSTALL_PATH = "@loader_path/../Frameworks";
				OTHER_LDFLAGS = (
					"-framework",
					Foundation,
				);
				PREBINDING = NO;
				PRODUCT_NAME = JSON;
				SDKROOT = "";
				VERSIONING_SYSTEM = "apple-generic";
				VERSION_INFO_PREFIX = SB;
			};
			name = Debug;
		};
		53D229870C96121700276605 /* Release */ = {
			isa = XCBuildConfiguration;
			buildSettings = {
				ARCHS = "$(ARCHS_STANDARD_32_64_BIT)";
				CURRENT_PROJECT_VERSION = 6;
				DYLIB_COMPATIBILITY_VERSION = 4;
				DYLIB_CURRENT_VERSION = 6;
				FRAMEWORK_VERSION = A;
				GCC_C_LANGUAGE_STANDARD = gnu99;
				GCC_ENABLE_FIX_AND_CONTINUE = NO;
				GCC_ENABLE_OBJC_GC = supported;
				GCC_GENERATE_DEBUGGING_SYMBOLS = NO;
				GCC_MODEL_TUNING = G5;
				GCC_PRECOMPILE_PREFIX_HEADER = YES;
				GCC_PREFIX_HEADER = "$(SYSTEM_LIBRARY_DIR)/Frameworks/Foundation.framework/Headers/Foundation.h";
				INFOPLIST_FILE = "JSON-Info.plist";
				INSTALL_PATH = "@loader_path/../Frameworks";
				OTHER_LDFLAGS = (
					"-framework",
					Foundation,
				);
				PREBINDING = NO;
				PRODUCT_NAME = JSON;
				SDKROOT = "";
				VERSIONING_SYSTEM = "apple-generic";
				VERSION_INFO_PREFIX = SB;
			};
			name = Release;
		};
		53D229900C96122A00276605 /* Debug */ = {
			isa = XCBuildConfiguration;
			buildSettings = {
				ARCHS = "$(ARCHS_STANDARD_32_64_BIT)";
				COPY_PHASE_STRIP = NO;
				FRAMEWORK_SEARCH_PATHS = (
					"$(value)",
					"$(DEVELOPER_FRAMEWORKS_DIR_QUOTED)",
				);
				GCC_C_LANGUAGE_STANDARD = gnu99;
				GCC_DYNAMIC_NO_PIC = NO;
				GCC_ENABLE_FIX_AND_CONTINUE = NO;
				GCC_ENABLE_OBJC_EXCEPTIONS = YES;
				GCC_ENABLE_OBJC_GC = required;
				GCC_GENERATE_DEBUGGING_SYMBOLS = YES;
				GCC_MODEL_TUNING = G5;
				GCC_OPTIMIZATION_LEVEL = 0;
				GCC_PRECOMPILE_PREFIX_HEADER = YES;
				GCC_PREFIX_HEADER = "$(SYSTEM_LIBRARY_DIR)/Frameworks/Foundation.framework/Headers/Foundation.h";
				INFOPLIST_FILE = "Tests-Info.plist";
				INSTALL_PATH = "$(USER_LIBRARY_DIR)/Bundles";
				OTHER_LDFLAGS = (
					"-framework",
					Foundation,
					"-framework",
					SenTestingKit,
				);
				PREBINDING = NO;
				PRODUCT_NAME = Tests;
				SDKROOT = "";
				WRAPPER_EXTENSION = octest;
			};
			name = Debug;
		};
		53D229910C96122A00276605 /* Release */ = {
			isa = XCBuildConfiguration;
			buildSettings = {
				ARCHS = "$(ARCHS_STANDARD_32_64_BIT)";
				COPY_PHASE_STRIP = YES;
				FRAMEWORK_SEARCH_PATHS = (
					"$(value)",
					"$(DEVELOPER_FRAMEWORKS_DIR_QUOTED)",
				);
				GCC_C_LANGUAGE_STANDARD = gnu99;
				GCC_ENABLE_FIX_AND_CONTINUE = NO;
				GCC_ENABLE_OBJC_EXCEPTIONS = YES;
				GCC_ENABLE_OBJC_GC = required;
				GCC_GENERATE_DEBUGGING_SYMBOLS = NO;
				GCC_MODEL_TUNING = G5;
				GCC_PRECOMPILE_PREFIX_HEADER = YES;
				GCC_PREFIX_HEADER = "$(SYSTEM_LIBRARY_DIR)/Frameworks/Foundation.framework/Headers/Foundation.h";
				INFOPLIST_FILE = "Tests-Info.plist";
				INSTALL_PATH = "$(USER_LIBRARY_DIR)/Bundles";
				OTHER_LDFLAGS = (
					"-framework",
					Foundation,
					"-framework",
					SenTestingKit,
				);
				PREBINDING = NO;
				PRODUCT_NAME = Tests;
				SDKROOT = "";
				WRAPPER_EXTENSION = octest;
			};
			name = Release;
		};
		53EF4D420DC247B3005F5E6D /* Debug */ = {
			isa = XCBuildConfiguration;
			buildSettings = {
				ARCHS = "$(NATIVE_ARCH)";
				COPY_PHASE_STRIP = NO;
				GCC_C_LANGUAGE_STANDARD = gnu99;
				GCC_DYNAMIC_NO_PIC = NO;
				GCC_ENABLE_FIX_AND_CONTINUE = YES;
				GCC_ENABLE_OBJC_GC = supported;
				GCC_MODEL_TUNING = G5;
				GCC_OPTIMIZATION_LEVEL = 0;
				GCC_PRECOMPILE_PREFIX_HEADER = YES;
				GCC_PREFIX_HEADER = "$(SYSTEM_LIBRARY_DIR)/Frameworks/AppKit.framework/Headers/AppKit.h";
				INSTALL_PATH = /usr/local/bin;
				OTHER_LDFLAGS = (
					"-framework",
					Foundation,
					"-ObjC",
				);
				PREBINDING = NO;
				PRODUCT_NAME = bench;
				SDKROOT = "";
				ZERO_LINK = NO;
			};
			name = Debug;
		};
		53EF4D430DC247B3005F5E6D /* Release */ = {
			isa = XCBuildConfiguration;
			buildSettings = {
				ARCHS = "$(NATIVE_ARCH)";
				COPY_PHASE_STRIP = YES;
				DEBUG_INFORMATION_FORMAT = "dwarf-with-dsym";
				GCC_C_LANGUAGE_STANDARD = gnu99;
				GCC_ENABLE_FIX_AND_CONTINUE = NO;
				GCC_ENABLE_OBJC_GC = supported;
				GCC_MODEL_TUNING = G5;
				GCC_PRECOMPILE_PREFIX_HEADER = YES;
				GCC_PREFIX_HEADER = "$(SYSTEM_LIBRARY_DIR)/Frameworks/AppKit.framework/Headers/AppKit.h";
				INSTALL_PATH = /usr/local/bin;
				OTHER_LDFLAGS = (
					"-framework",
					Foundation,
					"-ObjC",
				);
				PREBINDING = NO;
				PRODUCT_NAME = bench;
				SDKROOT = "";
				ZERO_LINK = NO;
			};
			name = Release;
		};
		53F8A8390E571AB000355C72 /* Debug */ = {
			isa = XCBuildConfiguration;
			buildSettings = {
				COPY_PHASE_STRIP = NO;
				GCC_DYNAMIC_NO_PIC = NO;
				GCC_OPTIMIZATION_LEVEL = 0;
				PRODUCT_NAME = Documentation;
			};
			name = Debug;
		};
		53F8A83A0E571AB000355C72 /* Release */ = {
			isa = XCBuildConfiguration;
			buildSettings = {
				COPY_PHASE_STRIP = YES;
				DEBUG_INFORMATION_FORMAT = "dwarf-with-dsym";
				GCC_ENABLE_FIX_AND_CONTINUE = NO;
				PRODUCT_NAME = Documentation;
				ZERO_LINK = NO;
			};
			name = Release;
		};
		FE2BBD840D8B0D3900184787 /* Debug */ = {
			isa = XCBuildConfiguration;
			buildSettings = {
				ALWAYS_SEARCH_USER_PATHS = NO;
				ARCHS = "$(ARCHS_STANDARD_32_64_BIT)";
				COPY_PHASE_STRIP = NO;
				GCC_C_LANGUAGE_STANDARD = gnu99;
				GCC_DYNAMIC_NO_PIC = NO;
				GCC_ENABLE_FIX_AND_CONTINUE = YES;
				GCC_ENABLE_OBJC_GC = supported;
				GCC_MODEL_TUNING = G5;
				GCC_OPTIMIZATION_LEVEL = 0;
				GCC_PRECOMPILE_PREFIX_HEADER = YES;
				OTHER_LDFLAGS = (
					"-framework",
					Foundation,
				);
				PREBINDING = NO;
				PRIVATE_HEADERS_FOLDER_PATH = /usr/local/include/JSON;
				PRODUCT_NAME = json;
				PUBLIC_HEADERS_FOLDER_PATH = /usr/local/include/JSON;
				SDKROOT = "";
			};
			name = Debug;
		};
		FE2BBD850D8B0D3900184787 /* Release */ = {
			isa = XCBuildConfiguration;
			buildSettings = {
				ALWAYS_SEARCH_USER_PATHS = NO;
				ARCHS = "$(ARCHS_STANDARD_32_64_BIT)";
				COPY_PHASE_STRIP = YES;
				DEBUG_INFORMATION_FORMAT = "dwarf-with-dsym";
				GCC_C_LANGUAGE_STANDARD = gnu99;
				GCC_ENABLE_FIX_AND_CONTINUE = NO;
				GCC_ENABLE_OBJC_GC = supported;
				GCC_MODEL_TUNING = G5;
				GCC_PRECOMPILE_PREFIX_HEADER = YES;
				OTHER_LDFLAGS = (
					"-framework",
					Foundation,
				);
				PREBINDING = NO;
				PRIVATE_HEADERS_FOLDER_PATH = /usr/local/include/JSON;
				PRODUCT_NAME = json;
				PUBLIC_HEADERS_FOLDER_PATH = /usr/local/include/JSON;
				SDKROOT = "";
				SKIP_INSTALL = NO;
			};
			name = Release;
		};
		FE2BBDAD0D8B0EE100184787 /* Debug */ = {
			isa = XCBuildConfiguration;
			buildSettings = {
				ALWAYS_SEARCH_USER_PATHS = NO;
				ARCHS = "$(ARCHS_STANDARD_32_64_BIT)";
				COPY_PHASE_STRIP = NO;
				FRAMEWORK_SEARCH_PATHS = "$(DEVELOPER_LIBRARY_DIR)/Frameworks";
				GCC_C_LANGUAGE_STANDARD = gnu99;
				GCC_DYNAMIC_NO_PIC = NO;
				GCC_ENABLE_FIX_AND_CONTINUE = NO;
				GCC_ENABLE_OBJC_EXCEPTIONS = YES;
				GCC_ENABLE_OBJC_GC = supported;
				GCC_MODEL_TUNING = G5;
				GCC_OPTIMIZATION_LEVEL = 0;
				GCC_PRECOMPILE_PREFIX_HEADER = YES;
				INFOPLIST_FILE = "libjsontests-Info.plist";
				INSTALL_PATH = "$(USER_LIBRARY_DIR)/Bundles";
				OTHER_LDFLAGS = (
					"-ObjC",
					"-ljson",
					"-framework",
					Foundation,
					"-framework",
					SenTestingKit,
				);
				PREBINDING = NO;
				PRODUCT_NAME = libjsontests;
				SDKROOT = "";
				WRAPPER_EXTENSION = octest;
			};
			name = Debug;
		};
		FE2BBDAE0D8B0EE100184787 /* Release */ = {
			isa = XCBuildConfiguration;
			buildSettings = {
				ALWAYS_SEARCH_USER_PATHS = NO;
				ARCHS = "$(ARCHS_STANDARD_32_64_BIT)";
				COPY_PHASE_STRIP = YES;
				FRAMEWORK_SEARCH_PATHS = "$(DEVELOPER_LIBRARY_DIR)/Frameworks";
				GCC_C_LANGUAGE_STANDARD = gnu99;
				GCC_ENABLE_FIX_AND_CONTINUE = NO;
				GCC_ENABLE_OBJC_EXCEPTIONS = YES;
				GCC_ENABLE_OBJC_GC = supported;
				GCC_MODEL_TUNING = G5;
				GCC_PRECOMPILE_PREFIX_HEADER = YES;
				INFOPLIST_FILE = "libjsontests-Info.plist";
				INSTALL_PATH = "$(USER_LIBRARY_DIR)/Bundles";
				OTHER_LDFLAGS = (
					"-ObjC",
					"-ljson",
					"-framework",
					Foundation,
					"-framework",
					SenTestingKit,
				);
				PREBINDING = NO;
				PRODUCT_NAME = libjsontests;
				SDKROOT = "";
				WRAPPER_EXTENSION = octest;
			};
			name = Release;
		};
/* End XCBuildConfiguration section */

/* Begin XCConfigurationList section */
		53D229740C9611FF00276605 /* Build configuration list for PBXProject "JSON" */ = {
			isa = XCConfigurationList;
			buildConfigurations = (
				53D229750C9611FF00276605 /* Debug */,
				53D229760C9611FF00276605 /* Release */,
			);
			defaultConfigurationIsVisible = 0;
			defaultConfigurationName = Release;
		};
		53D229850C96121700276605 /* Build configuration list for PBXNativeTarget "JSON" */ = {
			isa = XCConfigurationList;
			buildConfigurations = (
				53D229860C96121700276605 /* Debug */,
				53D229870C96121700276605 /* Release */,
			);
			defaultConfigurationIsVisible = 0;
			defaultConfigurationName = Release;
		};
		53D2298F0C96122A00276605 /* Build configuration list for PBXNativeTarget "Tests" */ = {
			isa = XCConfigurationList;
			buildConfigurations = (
				53D229900C96122A00276605 /* Debug */,
				53D229910C96122A00276605 /* Release */,
			);
			defaultConfigurationIsVisible = 0;
			defaultConfigurationName = Release;
		};
		53EF4D4C0DC247E5005F5E6D /* Build configuration list for PBXNativeTarget "bench" */ = {
			isa = XCConfigurationList;
			buildConfigurations = (
				53EF4D420DC247B3005F5E6D /* Debug */,
				53EF4D430DC247B3005F5E6D /* Release */,
			);
			defaultConfigurationIsVisible = 0;
			defaultConfigurationName = Release;
		};
		53F8A83B0E571ACE00355C72 /* Build configuration list for PBXAggregateTarget "Documentation" */ = {
			isa = XCConfigurationList;
			buildConfigurations = (
				53F8A8390E571AB000355C72 /* Debug */,
				53F8A83A0E571AB000355C72 /* Release */,
			);
			defaultConfigurationIsVisible = 0;
			defaultConfigurationName = Release;
		};
		FE2BBD950D8B0DC900184787 /* Build configuration list for PBXNativeTarget "libjson" */ = {
			isa = XCConfigurationList;
			buildConfigurations = (
				FE2BBD840D8B0D3900184787 /* Debug */,
				FE2BBD850D8B0D3900184787 /* Release */,
			);
			defaultConfigurationIsVisible = 0;
			defaultConfigurationName = Release;
		};
		FE2BBDAF0D8B0EE100184787 /* Build configuration list for PBXNativeTarget "libjsontests" */ = {
			isa = XCConfigurationList;
			buildConfigurations = (
				FE2BBDAD0D8B0EE100184787 /* Debug */,
				FE2BBDAE0D8B0EE100184787 /* Release */,
			);
			defaultConfigurationIsVisible = 0;
			defaultConfigurationName = Release;
		};
/* End XCConfigurationList section */
	};
	rootObject = 53D229730C9611FF00276605 /* Project object */;
}
