<?xml version="1.0" encoding="utf-8"?>
<Project ToolsVersion="4.0" xmlns="http://schemas.microsoft.com/developer/msbuild/2003">
  <ItemGroup>
    <Filter Include="Source Files">
      <UniqueIdentifier>{4FC737F1-C7A5-4376-A066-2A32D752A2FF}</UniqueIdentifier>
      <Extensions>cpp;c;cc;cxx;def;odl;idl;hpj;bat;asm;asmx</Extensions>
    </Filter>
    <Filter Include="Header Files">
      <UniqueIdentifier>{93995380-89BD-4b04-88EB-625FBE52EBFB}</UniqueIdentifier>
      <Extensions>h;hh;hpp;hxx;hm;inl;inc;xsd</Extensions>
    </Filter>
    <Filter Include="Resource Files">
      <UniqueIdentifier>{67DA6AB6-F800-4c08-8B7A-83BB121AAD01}</UniqueIdentifier>
      <Extensions>rc;ico;cur;bmp;dlg;rc2;rct;bin;rgs;gif;jpg;jpeg;jpe;resx;tiff;tif;png;wav;mfcribbon-ms</Extensions>
    </Filter>
    <Filter Include="Header Files\Generated">
      <UniqueIdentifier>{64aee133-4df1-4019-89da-7f58b4ae915a}</UniqueIdentifier>
    </Filter>
    <Filter Include="Header Files\CommandHandlers">
      <UniqueIdentifier>{6a030b34-e684-4696-91d8-8a62c8e4bf56}</UniqueIdentifier>
    </Filter>
    <Filter Include="Source Files\CommandHandlers">
      <UniqueIdentifier>{b7774b14-7039-48b6-adf4-8b63455f97dc}</UniqueIdentifier>
    </Filter>
    <Filter Include="Header Files\ActionSimulators">
      <UniqueIdentifier>{7bf88dc1-65a0-43f2-8897-dd7eb9849d0e}</UniqueIdentifier>
    </Filter>
    <Filter Include="Source Files\ActionSimulators">
      <UniqueIdentifier>{f76b4321-f28e-4b10-a2d9-07971aa4b2ed}</UniqueIdentifier>
    </Filter>
  </ItemGroup>
  <ItemGroup>
    <ClCompile Include="Alert.cpp">
      <Filter>Source Files</Filter>
    </ClCompile>
    <ClCompile Include="AsyncScriptExecutor.cpp">
      <Filter>Source Files</Filter>
    </ClCompile>
    <ClCompile Include="Browser.cpp">
      <Filter>Source Files</Filter>
    </ClCompile>
    <ClCompile Include="BrowserCookie.cpp">
      <Filter>Source Files</Filter>
    </ClCompile>
    <ClCompile Include="BrowserFactory.cpp">
      <Filter>Source Files</Filter>
    </ClCompile>
    <ClCompile Include="CommandHandlerRepository.cpp">
      <Filter>Source Files</Filter>
    </ClCompile>
    <ClCompile Include="CookieManager.cpp">
      <Filter>Source Files</Filter>
    </ClCompile>
    <ClCompile Include="DocumentHost.cpp">
      <Filter>Source Files</Filter>
    </ClCompile>
    <ClCompile Include="Element.cpp">
      <Filter>Source Files</Filter>
    </ClCompile>
    <ClCompile Include="ElementFinder.cpp">
      <Filter>Source Files</Filter>
    </ClCompile>
    <ClCompile Include="ElementRepository.cpp">
      <Filter>Source Files</Filter>
    </ClCompile>
    <ClCompile Include="FileUtilities.cpp">
      <Filter>Source Files</Filter>
    </ClCompile>
    <ClCompile Include="HookProcessor.cpp">
      <Filter>Source Files</Filter>
    </ClCompile>
    <ClCompile Include="HtmlDialog.cpp">
      <Filter>Source Files</Filter>
    </ClCompile>
    <ClCompile Include="IECommandExecutor.cpp">
      <Filter>Source Files</Filter>
    </ClCompile>
    <ClCompile Include="IECommandHandler.cpp">
      <Filter>Source Files</Filter>
    </ClCompile>
    <ClCompile Include="IEServer.cpp">
      <Filter>Source Files</Filter>
    </ClCompile>
    <ClCompile Include="IESession.cpp">
      <Filter>Source Files</Filter>
    </ClCompile>
    <ClCompile Include="InputManager.cpp">
      <Filter>Source Files</Filter>
    </ClCompile>
    <ClCompile Include="ProxyManager.cpp">
      <Filter>Source Files</Filter>
    </ClCompile>
    <ClCompile Include="RegistryUtilities.cpp">
      <Filter>Source Files</Filter>
    </ClCompile>
    <ClCompile Include="Script.cpp">
      <Filter>Source Files</Filter>
    </ClCompile>
    <ClCompile Include="stdafx.cpp">
      <Filter>Source Files</Filter>
    </ClCompile>
    <ClCompile Include="StringUtilities.cpp">
      <Filter>Source Files</Filter>
    </ClCompile>
    <ClCompile Include="VariantUtilities.cpp">
      <Filter>Source Files</Filter>
    </ClCompile>
    <ClCompile Include="WebDriver.cpp">
      <Filter>Source Files</Filter>
    </ClCompile>
    <ClCompile Include="WindowUtilities.cpp">
      <Filter>Source Files</Filter>
    </ClCompile>
    <ClCompile Include="CommandHandlers\AcceptAlertCommandHandler.cpp">
      <Filter>Source Files\CommandHandlers</Filter>
    </ClCompile>
    <ClCompile Include="CommandHandlers\SwitchToWindowCommandHandler.cpp">
      <Filter>Source Files\CommandHandlers</Filter>
    </ClCompile>
    <ClCompile Include="CommandHandlers\SwitchToParentFrameCommandHandler.cpp">
      <Filter>Source Files\CommandHandlers</Filter>
    </ClCompile>
    <ClCompile Include="CommandHandlers\SwitchToFrameCommandHandler.cpp">
      <Filter>Source Files\CommandHandlers</Filter>
    </ClCompile>
    <ClCompile Include="CommandHandlers\SetWindowRectCommandHandler.cpp">
      <Filter>Source Files\CommandHandlers</Filter>
    </ClCompile>
    <ClCompile Include="CommandHandlers\SetTimeoutsCommandHandler.cpp">
      <Filter>Source Files\CommandHandlers</Filter>
    </ClCompile>
    <ClCompile Include="CommandHandlers\SetAlertCredentialsCommandHandler.cpp">
      <Filter>Source Files\CommandHandlers</Filter>
    </ClCompile>
    <ClCompile Include="CommandHandlers\SendKeysToAlertCommandHandler.cpp">
      <Filter>Source Files\CommandHandlers</Filter>
    </ClCompile>
    <ClCompile Include="CommandHandlers\SendKeysCommandHandler.cpp">
      <Filter>Source Files\CommandHandlers</Filter>
    </ClCompile>
    <ClCompile Include="CommandHandlers\ScreenshotCommandHandler.cpp">
      <Filter>Source Files\CommandHandlers</Filter>
    </ClCompile>
    <ClCompile Include="CommandHandlers\ReleaseActionsCommandHandler.cpp">
      <Filter>Source Files\CommandHandlers</Filter>
    </ClCompile>
    <ClCompile Include="CommandHandlers\RefreshCommandHandler.cpp">
      <Filter>Source Files\CommandHandlers</Filter>
    </ClCompile>
    <ClCompile Include="CommandHandlers\QuitCommandHandler.cpp">
      <Filter>Source Files\CommandHandlers</Filter>
    </ClCompile>
    <ClCompile Include="CommandHandlers\NewSessionCommandHandler.cpp">
      <Filter>Source Files\CommandHandlers</Filter>
    </ClCompile>
    <ClCompile Include="CommandHandlers\MaximizeWindowCommandHandler.cpp">
      <Filter>Source Files\CommandHandlers</Filter>
    </ClCompile>
    <ClCompile Include="CommandHandlers\IsElementSelectedCommandHandler.cpp">
      <Filter>Source Files\CommandHandlers</Filter>
    </ClCompile>
    <ClCompile Include="CommandHandlers\IsElementEnabledCommandHandler.cpp">
      <Filter>Source Files\CommandHandlers</Filter>
    </ClCompile>
    <ClCompile Include="CommandHandlers\IsElementDisplayedCommandHandler.cpp">
      <Filter>Source Files\CommandHandlers</Filter>
    </ClCompile>
    <ClCompile Include="CommandHandlers\GoToUrlCommandHandler.cpp">
      <Filter>Source Files\CommandHandlers</Filter>
    </ClCompile>
    <ClCompile Include="CommandHandlers\GoBackCommandHandler.cpp">
      <Filter>Source Files\CommandHandlers</Filter>
    </ClCompile>
    <ClCompile Include="CommandHandlers\GoForwardCommandHandler.cpp">
      <Filter>Source Files\CommandHandlers</Filter>
    </ClCompile>
    <ClCompile Include="CommandHandlers\GetWindowRectCommandHandler.cpp">
      <Filter>Source Files\CommandHandlers</Filter>
    </ClCompile>
    <ClCompile Include="CommandHandlers\GetTitleCommandHandler.cpp">
      <Filter>Source Files\CommandHandlers</Filter>
    </ClCompile>
    <ClCompile Include="CommandHandlers\GetTimeoutsCommandHandler.cpp">
      <Filter>Source Files\CommandHandlers</Filter>
    </ClCompile>
    <ClCompile Include="CommandHandlers\GetSessionCapabilitiesCommandHandler.cpp">
      <Filter>Source Files\CommandHandlers</Filter>
    </ClCompile>
    <ClCompile Include="CommandHandlers\GetPageSourceCommandHandler.cpp">
      <Filter>Source Files\CommandHandlers</Filter>
    </ClCompile>
    <ClCompile Include="CommandHandlers\ActionsCommandHandler.cpp">
      <Filter>Source Files\CommandHandlers</Filter>
    </ClCompile>
    <ClCompile Include="CommandHandlers\AddCookieCommandHandler.cpp">
      <Filter>Source Files\CommandHandlers</Filter>
    </ClCompile>
    <ClCompile Include="CommandHandlers\ClearElementCommandHandler.cpp">
      <Filter>Source Files\CommandHandlers</Filter>
    </ClCompile>
    <ClCompile Include="CommandHandlers\ClickElementCommandHandler.cpp">
      <Filter>Source Files\CommandHandlers</Filter>
    </ClCompile>
    <ClCompile Include="CommandHandlers\CloseWindowCommandHandler.cpp">
      <Filter>Source Files\CommandHandlers</Filter>
    </ClCompile>
    <ClCompile Include="CommandHandlers\DeleteAllCookiesCommandHandler.cpp">
      <Filter>Source Files\CommandHandlers</Filter>
    </ClCompile>
    <ClCompile Include="CommandHandlers\DeleteCookieCommandHandler.cpp">
      <Filter>Source Files\CommandHandlers</Filter>
    </ClCompile>
    <ClCompile Include="CommandHandlers\DismissAlertCommandHandler.cpp">
      <Filter>Source Files\CommandHandlers</Filter>
    </ClCompile>
    <ClCompile Include="CommandHandlers\ElementEqualsCommandHandler.cpp">
      <Filter>Source Files\CommandHandlers</Filter>
    </ClCompile>
    <ClCompile Include="CommandHandlers\ExecuteAsyncScriptCommandHandler.cpp">
      <Filter>Source Files\CommandHandlers</Filter>
    </ClCompile>
    <ClCompile Include="CommandHandlers\ExecuteScriptCommandHandler.cpp">
      <Filter>Source Files\CommandHandlers</Filter>
    </ClCompile>
    <ClCompile Include="CommandHandlers\FindChildElementCommandHandler.cpp">
      <Filter>Source Files\CommandHandlers</Filter>
    </ClCompile>
    <ClCompile Include="CommandHandlers\FindChildElementsCommandHandler.cpp">
      <Filter>Source Files\CommandHandlers</Filter>
    </ClCompile>
    <ClCompile Include="CommandHandlers\FindElementCommandHandler.cpp">
      <Filter>Source Files\CommandHandlers</Filter>
    </ClCompile>
    <ClCompile Include="CommandHandlers\FindElementsCommandHandler.cpp">
      <Filter>Source Files\CommandHandlers</Filter>
    </ClCompile>
    <ClCompile Include="CommandHandlers\GetActiveElementCommandHandler.cpp">
      <Filter>Source Files\CommandHandlers</Filter>
    </ClCompile>
    <ClCompile Include="CommandHandlers\GetAlertTextCommandHandler.cpp">
      <Filter>Source Files\CommandHandlers</Filter>
    </ClCompile>
    <ClCompile Include="CommandHandlers\GetAllCookiesCommandHandler.cpp">
      <Filter>Source Files\CommandHandlers</Filter>
    </ClCompile>
    <ClCompile Include="CommandHandlers\GetAllWindowHandlesCommandHandler.cpp">
      <Filter>Source Files\CommandHandlers</Filter>
    </ClCompile>
    <ClCompile Include="CommandHandlers\GetCurrentUrlCommandHandler.cpp">
      <Filter>Source Files\CommandHandlers</Filter>
    </ClCompile>
    <ClCompile Include="CommandHandlers\GetCurrentWindowHandleCommandHandler.cpp">
      <Filter>Source Files\CommandHandlers</Filter>
    </ClCompile>
    <ClCompile Include="CommandHandlers\GetElementAttributeCommandHandler.cpp">
      <Filter>Source Files\CommandHandlers</Filter>
    </ClCompile>
    <ClCompile Include="CommandHandlers\GetElementRectCommandHandler.cpp">
      <Filter>Source Files\CommandHandlers</Filter>
    </ClCompile>
    <ClCompile Include="CommandHandlers\GetElementTagNameCommandHandler.cpp">
      <Filter>Source Files\CommandHandlers</Filter>
    </ClCompile>
    <ClCompile Include="CommandHandlers\GetElementTextCommandHandler.cpp">
      <Filter>Source Files\CommandHandlers</Filter>
    </ClCompile>
    <ClCompile Include="CommandHandlers\GetElementValueOfCssPropertyCommandHandler.cpp">
      <Filter>Source Files\CommandHandlers</Filter>
    </ClCompile>
    <ClCompile Include="CommandHandlers\GetElementPropertyCommandHandler.cpp">
      <Filter>Source Files\CommandHandlers</Filter>
    </ClCompile>
    <ClCompile Include="CommandHandlers\MinimizeWindowCommandHandler.cpp">
      <Filter>Source Files\CommandHandlers</Filter>
    </ClCompile>
    <ClCompile Include="CommandHandlers\FullScreenWindowCommandHandler.cpp">
      <Filter>Source Files\CommandHandlers</Filter>
    </ClCompile>
    <ClCompile Include="CommandHandlers\GetNamedCookieCommandHandler.cpp">
      <Filter>Source Files\CommandHandlers</Filter>
    </ClCompile>
    <ClCompile Include="ActionSimulators\SendMessageActionSimulator.cpp">
      <Filter>Source Files\ActionSimulators</Filter>
    </ClCompile>
    <ClCompile Include="ActionSimulators\ActionSimulator.cpp">
      <Filter>Source Files\ActionSimulators</Filter>
    </ClCompile>
    <ClCompile Include="ActionSimulators\SendInputActionSimulator.cpp">
      <Filter>Source Files\ActionSimulators</Filter>
    </ClCompile>
    <ClCompile Include="ActionSimulators\JavaScriptActionSimulator.cpp">
      <Filter>Source Files\ActionSimulators</Filter>
    </ClCompile>
    <ClCompile Include="CommandHandlers\ScreenshotElementCommandHandler.cpp">
      <Filter>Source Files\CommandHandlers</Filter>
    </ClCompile>
    <ClCompile Include="ScriptException.cpp">
      <Filter>Source Files</Filter>
    </ClCompile>
    <ClCompile Include="dllmain.cpp">
      <Filter>Source Files</Filter>
    </ClCompile>
    <ClCompile Include="cominterfaces.cpp">
      <Filter>Source Files</Filter>
    </ClCompile>
    <ClCompile Include="CommandHandlers\CreateNewWindowCommandHandler.cpp">
      <Filter>Source Files\CommandHandlers</Filter>
    </ClCompile>
  </ItemGroup>
  <ItemGroup>
    <ClInclude Include="Alert.h">
      <Filter>Header Files</Filter>
    </ClInclude>
    <ClInclude Include="AsyncScriptExecutor.h">
      <Filter>Header Files</Filter>
    </ClInclude>
    <ClInclude Include="Browser.h">
      <Filter>Header Files</Filter>
    </ClInclude>
    <ClInclude Include="BrowserCookie.h">
      <Filter>Header Files</Filter>
    </ClInclude>
    <ClInclude Include="BrowserFactory.h">
      <Filter>Header Files</Filter>
    </ClInclude>
    <ClInclude Include="CommandExecutor.h">
      <Filter>Header Files</Filter>
    </ClInclude>
    <ClInclude Include="CommandHandlerRepository.h">
      <Filter>Header Files</Filter>
    </ClInclude>
    <ClInclude Include="CookieManager.h">
      <Filter>Header Files</Filter>
    </ClInclude>
    <ClInclude Include="CustomTypes.h">
      <Filter>Header Files</Filter>
    </ClInclude>
    <ClInclude Include="DocumentHost.h">
      <Filter>Header Files</Filter>
    </ClInclude>
    <ClInclude Include="Element.h">
      <Filter>Header Files</Filter>
    </ClInclude>
    <ClInclude Include="ElementFinder.h">
      <Filter>Header Files</Filter>
    </ClInclude>
    <ClInclude Include="ElementRepository.h">
      <Filter>Header Files</Filter>
    </ClInclude>
    <ClInclude Include="ElementScrollBehavior.h">
      <Filter>Header Files</Filter>
    </ClInclude>
    <ClInclude Include="FileUtilities.h">
      <Filter>Header Files</Filter>
    </ClInclude>
    <ClInclude Include="HookProcessor.h">
      <Filter>Header Files</Filter>
    </ClInclude>
    <ClInclude Include="HtmlDialog.h">
      <Filter>Header Files</Filter>
    </ClInclude>
    <ClInclude Include="IECommandExecutor.h">
      <Filter>Header Files</Filter>
    </ClInclude>
    <ClInclude Include="IECommandHandler.h">
      <Filter>Header Files</Filter>
    </ClInclude>
    <ClInclude Include="IEServer.h">
      <Filter>Header Files</Filter>
    </ClInclude>
    <ClInclude Include="IESession.h">
      <Filter>Header Files</Filter>
    </ClInclude>
    <ClInclude Include="InputManager.h">
      <Filter>Header Files</Filter>
    </ClInclude>
    <ClInclude Include="LocationInfo.h">
      <Filter>Header Files</Filter>
    </ClInclude>
    <ClInclude Include="messages.h">
      <Filter>Header Files</Filter>
    </ClInclude>
    <ClInclude Include="ProxyManager.h">
      <Filter>Header Files</Filter>
    </ClInclude>
    <ClInclude Include="RegistryUtilities.h">
      <Filter>Header Files</Filter>
    </ClInclude>
    <ClInclude Include="Script.h">
      <Filter>Header Files</Filter>
    </ClInclude>
    <ClInclude Include="stdafx.h">
      <Filter>Header Files</Filter>
    </ClInclude>
    <ClInclude Include="StringUtilities.h">
      <Filter>Header Files</Filter>
    </ClInclude>
    <ClInclude Include="targetver.h">
      <Filter>Header Files</Filter>
    </ClInclude>
    <ClInclude Include="VariantUtilities.h">
      <Filter>Header Files</Filter>
    </ClInclude>
    <ClInclude Include="WebDriver.h">
      <Filter>Header Files</Filter>
    </ClInclude>
    <ClInclude Include="WindowUtilities.h">
      <Filter>Header Files</Filter>
    </ClInclude>
    <ClInclude Include="CommandHandlers\AcceptAlertCommandHandler.h">
      <Filter>Header Files\CommandHandlers</Filter>
    </ClInclude>
    <ClInclude Include="CommandHandlers\ActionsCommandHandler.h">
      <Filter>Header Files\CommandHandlers</Filter>
    </ClInclude>
    <ClInclude Include="CommandHandlers\AddCookieCommandHandler.h">
      <Filter>Header Files\CommandHandlers</Filter>
    </ClInclude>
    <ClInclude Include="CommandHandlers\ClearElementCommandHandler.h">
      <Filter>Header Files\CommandHandlers</Filter>
    </ClInclude>
    <ClInclude Include="CommandHandlers\ClickElementCommandHandler.h">
      <Filter>Header Files\CommandHandlers</Filter>
    </ClInclude>
    <ClInclude Include="CommandHandlers\CloseWindowCommandHandler.h">
      <Filter>Header Files\CommandHandlers</Filter>
    </ClInclude>
    <ClInclude Include="CommandHandlers\DeleteAllCookiesCommandHandler.h">
      <Filter>Header Files\CommandHandlers</Filter>
    </ClInclude>
    <ClInclude Include="CommandHandlers\DeleteCookieCommandHandler.h">
      <Filter>Header Files\CommandHandlers</Filter>
    </ClInclude>
    <ClInclude Include="CommandHandlers\DismissAlertCommandHandler.h">
      <Filter>Header Files\CommandHandlers</Filter>
    </ClInclude>
    <ClInclude Include="CommandHandlers\ElementEqualsCommandHandler.h">
      <Filter>Header Files\CommandHandlers</Filter>
    </ClInclude>
    <ClInclude Include="CommandHandlers\ExecuteAsyncScriptCommandHandler.h">
      <Filter>Header Files\CommandHandlers</Filter>
    </ClInclude>
    <ClInclude Include="CommandHandlers\ExecuteScriptCommandHandler.h">
      <Filter>Header Files\CommandHandlers</Filter>
    </ClInclude>
    <ClInclude Include="CommandHandlers\FindChildElementCommandHandler.h">
      <Filter>Header Files\CommandHandlers</Filter>
    </ClInclude>
    <ClInclude Include="CommandHandlers\FindChildElementsCommandHandler.h">
      <Filter>Header Files\CommandHandlers</Filter>
    </ClInclude>
    <ClInclude Include="CommandHandlers\FindElementCommandHandler.h">
      <Filter>Header Files\CommandHandlers</Filter>
    </ClInclude>
    <ClInclude Include="CommandHandlers\FindElementsCommandHandler.h">
      <Filter>Header Files\CommandHandlers</Filter>
    </ClInclude>
    <ClInclude Include="CommandHandlers\GetActiveElementCommandHandler.h">
      <Filter>Header Files\CommandHandlers</Filter>
    </ClInclude>
    <ClInclude Include="CommandHandlers\GetAlertTextCommandHandler.h">
      <Filter>Header Files\CommandHandlers</Filter>
    </ClInclude>
    <ClInclude Include="CommandHandlers\GetAllCookiesCommandHandler.h">
      <Filter>Header Files\CommandHandlers</Filter>
    </ClInclude>
    <ClInclude Include="CommandHandlers\GetAllWindowHandlesCommandHandler.h">
      <Filter>Header Files\CommandHandlers</Filter>
    </ClInclude>
    <ClInclude Include="CommandHandlers\GetCurrentUrlCommandHandler.h">
      <Filter>Header Files\CommandHandlers</Filter>
    </ClInclude>
    <ClInclude Include="CommandHandlers\GetCurrentWindowHandleCommandHandler.h">
      <Filter>Header Files\CommandHandlers</Filter>
    </ClInclude>
    <ClInclude Include="CommandHandlers\GetElementAttributeCommandHandler.h">
      <Filter>Header Files\CommandHandlers</Filter>
    </ClInclude>
    <ClInclude Include="CommandHandlers\GetElementRectCommandHandler.h">
      <Filter>Header Files\CommandHandlers</Filter>
    </ClInclude>
    <ClInclude Include="CommandHandlers\GetElementTagNameCommandHandler.h">
      <Filter>Header Files\CommandHandlers</Filter>
    </ClInclude>
    <ClInclude Include="CommandHandlers\GetElementTextCommandHandler.h">
      <Filter>Header Files\CommandHandlers</Filter>
    </ClInclude>
    <ClInclude Include="CommandHandlers\GetElementValueOfCssPropertyCommandHandler.h">
      <Filter>Header Files\CommandHandlers</Filter>
    </ClInclude>
    <ClInclude Include="CommandHandlers\GetPageSourceCommandHandler.h">
      <Filter>Header Files\CommandHandlers</Filter>
    </ClInclude>
    <ClInclude Include="CommandHandlers\GetSessionCapabilitiesCommandHandler.h">
      <Filter>Header Files\CommandHandlers</Filter>
    </ClInclude>
    <ClInclude Include="CommandHandlers\GetTimeoutsCommandHandler.h">
      <Filter>Header Files\CommandHandlers</Filter>
    </ClInclude>
    <ClInclude Include="CommandHandlers\GetTitleCommandHandler.h">
      <Filter>Header Files\CommandHandlers</Filter>
    </ClInclude>
    <ClInclude Include="CommandHandlers\GetWindowRectCommandHandler.h">
      <Filter>Header Files\CommandHandlers</Filter>
    </ClInclude>
    <ClInclude Include="CommandHandlers\GoBackCommandHandler.h">
      <Filter>Header Files\CommandHandlers</Filter>
    </ClInclude>
    <ClInclude Include="CommandHandlers\GoForwardCommandHandler.h">
      <Filter>Header Files\CommandHandlers</Filter>
    </ClInclude>
    <ClInclude Include="CommandHandlers\GoToUrlCommandHandler.h">
      <Filter>Header Files\CommandHandlers</Filter>
    </ClInclude>
    <ClInclude Include="CommandHandlers\IsElementDisplayedCommandHandler.h">
      <Filter>Header Files\CommandHandlers</Filter>
    </ClInclude>
    <ClInclude Include="CommandHandlers\IsElementEnabledCommandHandler.h">
      <Filter>Header Files\CommandHandlers</Filter>
    </ClInclude>
    <ClInclude Include="CommandHandlers\IsElementSelectedCommandHandler.h">
      <Filter>Header Files\CommandHandlers</Filter>
    </ClInclude>
    <ClInclude Include="CommandHandlers\MaximizeWindowCommandHandler.h">
      <Filter>Header Files\CommandHandlers</Filter>
    </ClInclude>
    <ClInclude Include="CommandHandlers\NewSessionCommandHandler.h">
      <Filter>Header Files\CommandHandlers</Filter>
    </ClInclude>
    <ClInclude Include="CommandHandlers\QuitCommandHandler.h">
      <Filter>Header Files\CommandHandlers</Filter>
    </ClInclude>
    <ClInclude Include="CommandHandlers\RefreshCommandHandler.h">
      <Filter>Header Files\CommandHandlers</Filter>
    </ClInclude>
    <ClInclude Include="CommandHandlers\ReleaseActionsCommandHandler.h">
      <Filter>Header Files\CommandHandlers</Filter>
    </ClInclude>
    <ClInclude Include="CommandHandlers\ScreenshotCommandHandler.h">
      <Filter>Header Files\CommandHandlers</Filter>
    </ClInclude>
    <ClInclude Include="CommandHandlers\SendKeysCommandHandler.h">
      <Filter>Header Files\CommandHandlers</Filter>
    </ClInclude>
    <ClInclude Include="CommandHandlers\SendKeysToAlertCommandHandler.h">
      <Filter>Header Files\CommandHandlers</Filter>
    </ClInclude>
    <ClInclude Include="CommandHandlers\SetAlertCredentialsCommandHandler.h">
      <Filter>Header Files\CommandHandlers</Filter>
    </ClInclude>
    <ClInclude Include="CommandHandlers\SetTimeoutsCommandHandler.h">
      <Filter>Header Files\CommandHandlers</Filter>
    </ClInclude>
    <ClInclude Include="CommandHandlers\SetWindowRectCommandHandler.h">
      <Filter>Header Files\CommandHandlers</Filter>
    </ClInclude>
    <ClInclude Include="CommandHandlers\SwitchToFrameCommandHandler.h">
      <Filter>Header Files\CommandHandlers</Filter>
    </ClInclude>
    <ClInclude Include="CommandHandlers\SwitchToParentFrameCommandHandler.h">
      <Filter>Header Files\CommandHandlers</Filter>
    </ClInclude>
    <ClInclude Include="CommandHandlers\SwitchToWindowCommandHandler.h">
      <Filter>Header Files\CommandHandlers</Filter>
    </ClInclude>
    <ClInclude Include="Generated\atoms.h">
      <Filter>Header Files\Generated</Filter>
    </ClInclude>
    <ClInclude Include="Generated\sizzle.h">
      <Filter>Header Files\Generated</Filter>
    </ClInclude>
    <ClInclude Include="CommandHandlers\GetElementPropertyCommandHandler.h">
      <Filter>Header Files\CommandHandlers</Filter>
    </ClInclude>
    <ClInclude Include="CommandHandlers\MinimizeWindowCommandHandler.h">
      <Filter>Header Files\CommandHandlers</Filter>
    </ClInclude>
    <ClInclude Include="CommandHandlers\FullScreenWindowCommandHandler.h">
      <Filter>Header Files\CommandHandlers</Filter>
    </ClInclude>
    <ClInclude Include="CommandHandlers\GetNamedCookieCommandHandler.h">
      <Filter>Header Files\CommandHandlers</Filter>
    </ClInclude>
    <ClInclude Include="IElementManager.h">
      <Filter>Header Files</Filter>
    </ClInclude>
    <ClInclude Include="InputState.h">
      <Filter>Header Files</Filter>
    </ClInclude>
    <ClInclude Include="ActionSimulators\SendMessageActionSimulator.h">
      <Filter>Header Files\ActionSimulators</Filter>
    </ClInclude>
    <ClInclude Include="ActionSimulators\ActionSimulator.h">
      <Filter>Header Files\ActionSimulators</Filter>
    </ClInclude>
    <ClInclude Include="ActionSimulators\SendInputActionSimulator.h">
      <Filter>Header Files\ActionSimulators</Filter>
    </ClInclude>
    <ClInclude Include="ActionSimulators\JavaScriptActionSimulator.h">
      <Filter>Header Files\ActionSimulators</Filter>
    </ClInclude>
    <ClInclude Include="CommandHandlers\stdafx.h">
      <Filter>Header Files\CommandHandlers</Filter>
    </ClInclude>
    <ClInclude Include="ActionSimulators\stdafx.h">
      <Filter>Header Files\ActionSimulators</Filter>
    </ClInclude>
    <ClInclude Include="CommandHandlers\ScreenshotElementCommandHandler.h">
      <Filter>Header Files\CommandHandlers</Filter>
    </ClInclude>
    <ClInclude Include="resource.h">
      <Filter>Header Files</Filter>
    </ClInclude>
    <ClInclude Include="ScriptException.h">
      <Filter>Header Files</Filter>
    </ClInclude>
    <ClInclude Include="dllmain.h">
      <Filter>Header Files</Filter>
    </ClInclude>
    <ClInclude Include="cominterfaces.h">
      <Filter>Header Files</Filter>
    </ClInclude>
    <ClInclude Include="WebDriverConstants.h">
      <Filter>Header Files</Filter>
    </ClInclude>
    <ClInclude Include="CommandHandlers\CreateNewWindowCommandHandler.h">
      <Filter>Header Files\CommandHandlers</Filter>
    </ClInclude>
  </ItemGroup>
  <ItemGroup>
    <None Include="IEDriver.def">
      <Filter>Source Files</Filter>
    </None>
  </ItemGroup>
  <ItemGroup>
    <ResourceCompile Include="IEDriver.rc">
      <Filter>Resource Files</Filter>
    </ResourceCompile>
  </ItemGroup>
</Project>